<?xml version="1.0" encoding="UTF-8" standalone="yes" ?>
<CodeBlocks_project_file>
	<FileVersion major="1" minor="6" />
	<Project>
		<Option title="s25client" />
		<Option pch_mode="0" />
		<Option compiler="gcc" />
		<Build>
			<Target title="debug">
				<Option output="..\..\s25client.exe" prefix_auto="0" extension_auto="0" />
				<Option working_dir="..\.." />
				<Option object_output="Debug" />
				<Option deps_output="Debug" />
				<Option type="1" />
				<Option compiler="gcc" />
				<Option projectResourceIncludeDirsRelation="1" />
				<Linker>
					<Add library="..\..\libsiedler2.a" />
				</Linker>
			</Target>
		</Build>
		<VirtualTargets>
			<Add alias="All" targets="debug;" />
		</VirtualTargets>
		<Compiler>
			<Add option="-Wall" />
			<Add option="-g" />
			<Add option="-Wno-long-long" />
			<Add directory="..\.." />
			<Add directory="..\..\driver" />
			<Add directory="..\..\libsiedler2\src" />
		</Compiler>
		<Linker>
			<Add library="OpenGL32" />
			<Add library="libbzlib" />
			<Add library="wsock32" />
			<Add library="..\..\libsiedler2.a" />
		</Linker>
		<Unit filename="..\..\src\BigEndian.h" />
		<Unit filename="..\..\src\BuildingConsts.h" />
		<Unit filename="..\..\src\CollisionDetection.cpp" />
		<Unit filename="..\..\src\CollisionDetection.h" />
		<Unit filename="..\..\src\Desktop.cpp" />
		<Unit filename="..\..\src\Desktop.h" />
		<Unit filename="..\..\src\DoorConsts.h" />
		<Unit filename="..\..\src\EventManager.cpp" />
		<Unit filename="..\..\src\EventManager.h" />
		<Unit filename="..\..\src\ExLoadInfo.h" />
		<Unit filename="..\..\src\ExtensionList.cpp" />
		<Unit filename="..\..\src\ExtensionList.h" />
		<Unit filename="..\..\src\FileChecksum.cpp" />
		<Unit filename="..\..\src\FileChecksum.h" />
		<Unit filename="..\..\src\GameClient.cpp" />
		<Unit filename="..\..\src\GameClient.h" />
		<Unit filename="..\..\src\GameClientCommands.cpp" />
		<Unit filename="..\..\src\GameClientPlayer.cpp" />
		<Unit filename="..\..\src\GameClientPlayer.h" />
		<Unit filename="..\..\src\GameConsts.h" />
		<Unit filename="..\..\src\GameManager.cpp" />
		<Unit filename="..\..\src\GameManager.h" />
		<Unit filename="..\..\src\GameMessage.cpp" />
		<Unit filename="..\..\src\GameMessage.h" />
		<Unit filename="..\..\src\GameMessageQueue.cpp" />
		<Unit filename="..\..\src\GameMessageQueue.h" />
		<Unit filename="..\..\src\GamePlayerInfo.cpp" />
		<Unit filename="..\..\src\GamePlayerInfo.h" />
		<Unit filename="..\..\src\GamePlayerList.cpp" />
		<Unit filename="..\..\src\GamePlayerList.h" />
		<Unit filename="..\..\src\GameProtocol.h" />
		<Unit filename="..\..\src\GameScrolling.cpp" />
		<Unit filename="..\..\src\GameScrolling.h" />
		<Unit filename="..\..\src\GameServer.cpp" />
		<Unit filename="..\..\src\GameServer.h" />
		<Unit filename="..\..\src\GameServerPlayer.cpp" />
		<Unit filename="..\..\src\GameServerPlayer.h" />
		<Unit filename="..\..\src\GammaTable.h" />
		<Unit filename="..\..\src\GlobalGameSettings.cpp" />
		<Unit filename="..\..\src\GlobalGameSettings.h" />
		<Unit filename="..\..\src\GlobalVars.cpp" />
		<Unit filename="..\..\src\GlobalVars.h" />
		<Unit filename="..\..\src\IngameWindow.cpp" />
		<Unit filename="..\..\src\IngameWindow.h" />
		<Unit filename="..\..\src\JobConsts.h" />
		<Unit filename="..\..\src\LST_Item.h" />
		<Unit filename="..\..\src\ListDir.cpp" />
		<Unit filename="..\..\src\ListDir.h" />
		<Unit filename="..\..\src\Loader.cpp" />
		<Unit filename="..\..\src\Loader.h" />
		<Unit filename="..\..\src\LobbyProtocol.h" />
		<Unit filename="..\..\src\Map.cpp" />
		<Unit filename="..\..\src\Map.h" />
		<Unit filename="..\..\src\MapHeadInfo.cpp" />
		<Unit filename="..\..\src\MapHeadInfo.h" />
		<Unit filename="..\..\src\Messages.h" />
		<Unit filename="..\..\src\Messenger.cpp" />
		<Unit filename="..\..\src\Messenger.h" />
		<Unit filename="..\..\src\MilitaryConsts.h" />
		<Unit filename="..\..\src\NodalObjectTypes.h" />
		<Unit filename="..\..\src\Node.h" />
		<Unit filename="..\..\src\ObjManager.cpp" />
		<Unit filename="..\..\src\ObjManager.h" />
		<Unit filename="..\..\src\OpenGL.cpp" />
		<Unit filename="..\..\src\OpenGL.h" />
		<Unit filename="..\..\src\Pathfinding.cpp" />
		<Unit filename="..\..\src\PointDistance.h" />
		<Unit filename="..\..\src\Random.cpp" />
		<Unit filename="..\..\src\Random.h" />
		<Unit filename="..\..\src\RoadSegment.cpp" />
		<Unit filename="..\..\src\RoadSegment.h" />
		<Unit filename="..\..\src\S2Map.cpp" />
		<Unit filename="..\..\src\S2Map.h" />
		<Unit filename="..\..\src\Settings.cpp" />
		<Unit filename="..\..\src\Settings.h" />
		<Unit filename="..\..\src\Singleton.h" />
		<Unit filename="..\..\src\Socket.cpp" />
		<Unit filename="..\..\src\Socket.h" />
		<Unit filename="..\..\src\SocketSet.cpp" />
		<Unit filename="..\..\src\SocketSet.h" />
		<Unit filename="..\..\src\SoundManager.cpp" />
		<Unit filename="..\..\src\SoundManager.h" />
		<Unit filename="..\..\src\StartGameInfo.h" />
		<Unit filename="..\..\src\String.cpp" />
		<Unit filename="..\..\src\String.h" />
		<Unit filename="..\..\src\Swap.h" />
		<Unit filename="..\..\src\TerritoryRegion.cpp" />
		<Unit filename="..\..\src\TerritoryRegion.h" />
		<Unit filename="..\..\src\TextureColor.h" />
		<Unit filename="..\..\src\Ware.cpp" />
		<Unit filename="..\..\src\Ware.h" />
		<Unit filename="..\..\src\Window.cpp" />
		<Unit filename="..\..\src\Window.h" />
		<Unit filename="..\..\src\WindowManager.cpp" />
		<Unit filename="..\..\src\WindowManager.h" />
		<Unit filename="..\..\src\colors.h" />
		<Unit filename="..\..\src\const_gui_ids.h" />
		<Unit filename="..\..\src\controls.h" />
		<Unit filename="..\..\src\ctrlAlternativeEdit.cpp" />
		<Unit filename="..\..\src\ctrlAlternativeEdit.h" />
		<Unit filename="..\..\src\ctrlBuildingIcon.cpp" />
		<Unit filename="..\..\src\ctrlBuildingIcon.h" />
		<Unit filename="..\..\src\ctrlButton.cpp" />
		<Unit filename="..\..\src\ctrlButton.h" />
		<Unit filename="..\..\src\ctrlChat.cpp" />
		<Unit filename="..\..\src\ctrlChat.h" />
		<Unit filename="..\..\src\ctrlCheck.cpp" />
		<Unit filename="..\..\src\ctrlCheck.h" />
		<Unit filename="..\..\src\ctrlComboBox.cpp" />
		<Unit filename="..\..\src\ctrlComboBox.h" />
		<Unit filename="..\..\src\ctrlDeepening.cpp" />
		<Unit filename="..\..\src\ctrlDeepening.h" />
		<Unit filename="..\..\src\ctrlEdit.cpp" />
		<Unit filename="..\..\src\ctrlEdit.h" />
		<Unit filename="..\..\src\ctrlGroup.cpp" />
		<Unit filename="..\..\src\ctrlGroup.h" />
		<Unit filename="..\..\src\ctrlImage.cpp" />
		<Unit filename="..\..\src\ctrlImage.h" />
		<Unit filename="..\..\src\ctrlList.cpp" />
		<Unit filename="..\..\src\ctrlList.h" />
		<Unit filename="..\..\src\ctrlMultiline.cpp" />
		<Unit filename="..\..\src\ctrlMultiline.h" />
		<Unit filename="..\..\src\ctrlOptionGroup.cpp" />
		<Unit filename="..\..\src\ctrlOptionGroup.h" />
		<Unit filename="..\..\src\ctrlPercent.cpp" />
		<Unit filename="..\..\src\ctrlPercent.h" />
		<Unit filename="..\..\src\ctrlProgress.cpp" />
		<Unit filename="..\..\src\ctrlProgress.h" />
		<Unit filename="..\..\src\ctrlScrollBar.cpp" />
		<Unit filename="..\..\src\ctrlScrollBar.h" />
		<Unit filename="..\..\src\ctrlTab.cpp" />
		<Unit filename="..\..\src\ctrlTab.h" />
		<Unit filename="..\..\src\ctrlTable.cpp" />
		<Unit filename="..\..\src\ctrlTable.h" />
		<Unit filename="..\..\src\ctrlText.cpp" />
		<Unit filename="..\..\src\ctrlText.h" />
		<Unit filename="..\..\src\ctrlTimer.cpp" />
		<Unit filename="..\..\src\ctrlTimer.h" />
		<Unit filename="..\..\src\ctrlVarDeepening.cpp" />
		<Unit filename="..\..\src\ctrlVarDeepening.h" />
		<Unit filename="..\..\src\ctrlVarText.cpp" />
		<Unit filename="..\..\src\ctrlVarText.h" />
		<Unit filename="..\..\src\dskAboutRTTR.cpp" />
		<Unit filename="..\..\src\dskAboutRTTR.h" />
		<Unit filename="..\..\src\dskCredits.cpp" />
		<Unit filename="..\..\src\dskCredits.h" />
		<Unit filename="..\..\src\dskDirectIP.cpp" />
		<Unit filename="..\..\src\dskDirectIP.h" />
		<Unit filename="..\..\src\dskGameInterface.cpp" />
		<Unit filename="..\..\src\dskGameInterface.h" />
		<Unit filename="..\..\src\dskHostGame.cpp" />
		<Unit filename="..\..\src\dskHostGame.h" />
		<Unit filename="..\..\src\dskIntro.cpp" />
		<Unit filename="..\..\src\dskIntro.h" />
		<Unit filename="..\..\src\dskLobby.cpp" />
		<Unit filename="..\..\src\dskLobby.h" />
		<Unit filename="..\..\src\dskMainMenu.cpp" />
		<Unit filename="..\..\src\dskMainMenu.h" />
		<Unit filename="..\..\src\dskMultiPlayer.cpp" />
		<Unit filename="..\..\src\dskMultiPlayer.h" />
		<Unit filename="..\..\src\dskOptions.cpp" />
		<Unit filename="..\..\src\dskOptions.h" />
		<Unit filename="..\..\src\dskSelectMap.cpp" />
		<Unit filename="..\..\src\dskSelectMap.h" />
		<Unit filename="..\..\src\dskSinglePlayer.cpp" />
		<Unit filename="..\..\src\dskSinglePlayer.h" />
		<Unit filename="..\..\src\dskSplash.cpp" />
		<Unit filename="..\..\src\dskSplash.h" />
		<Unit filename="..\..\src\error.cpp" />
		<Unit filename="..\..\src\error.h" />
		<Unit filename="..\..\src\errors.h" />
		<Unit filename="..\..\src\files.h" />
		<Unit filename="..\..\src\glAllocator.cpp" />
		<Unit filename="..\..\src\glAllocator.h" />
		<Unit filename="..\..\src\glArchivItem_Bitmap.cpp" />
		<Unit filename="..\..\src\glArchivItem_Bitmap.h" />
		<Unit filename="..\..\src\glArchivItem_Bitmap_Player.cpp" />
		<Unit filename="..\..\src\glArchivItem_Bitmap_Player.h" />
		<Unit filename="..\..\src\glArchivItem_Bitmap_RLE.cpp" />
		<Unit filename="..\..\src\glArchivItem_Bitmap_RLE.h" />
		<Unit filename="..\..\src\glArchivItem_Bitmap_Raw.cpp" />
		<Unit filename="..\..\src\glArchivItem_Bitmap_Raw.h" />
		<Unit filename="..\..\src\glArchivItem_Bitmap_Shadow.cpp" />
		<Unit filename="..\..\src\glArchivItem_Bitmap_Shadow.h" />
		<Unit filename="..\..\src\glArchivItem_Bob.cpp" />
		<Unit filename="..\..\src\glArchivItem_Bob.h" />
		<Unit filename="..\..\src\glArchivItem_Font.cpp" />
		<Unit filename="..\..\src\glArchivItem_Font.h" />
		<Unit filename="..\..\src\glArchivItem_Sound.cpp" />
		<Unit filename="..\..\src\glArchivItem_Sound.h" />
		<Unit filename="..\..\src\glArchivItem_Sound_Midi.cpp" />
		<Unit filename="..\..\src\glArchivItem_Sound_Midi.h" />
		<Unit filename="..\..\src\glArchivItem_Sound_Wave.cpp" />
		<Unit filename="..\..\src\glArchivItem_Sound_Wave.h" />
		<Unit filename="..\..\src\glArchivItem_Sound_XMidi.cpp" />
		<Unit filename="..\..\src\glArchivItem_Sound_XMidi.h" />
		<Unit filename="..\..\src\iwAction.cpp" />
		<Unit filename="..\..\src\iwAction.h" />
		<Unit filename="..\..\src\iwBaseWarehouse.cpp" />
		<Unit filename="..\..\src\iwBaseWarehouse.h" />
		<Unit filename="..\..\src\iwBuildOrder.cpp" />
		<Unit filename="..\..\src\iwBuildOrder.h" />
		<Unit filename="..\..\src\iwBuilding.cpp" />
		<Unit filename="..\..\src\iwBuilding.h" />
		<Unit filename="..\..\src\iwBuildingSite.cpp" />
		<Unit filename="..\..\src\iwBuildingSite.h" />
		<Unit filename="..\..\src\iwChat.cpp" />
		<Unit filename="..\..\src\iwChat.h" />
		<Unit filename="..\..\src\iwDirectIPConnect.cpp" />
		<Unit filename="..\..\src\iwDirectIPConnect.h" />
		<Unit filename="..\..\src\iwDirectIPCreate.cpp" />
		<Unit filename="..\..\src\iwDirectIPCreate.h" />
		<Unit filename="..\..\src\iwDistribution.cpp" />
		<Unit filename="..\..\src\iwDistribution.h" />
		<Unit filename="..\..\src\iwEndgame.cpp" />
		<Unit filename="..\..\src\iwEndgame.h" />
		<Unit filename="..\..\src\iwHQ.cpp" />
		<Unit filename="..\..\src\iwHQ.h" />
		<Unit filename="..\..\src\iwInventory.cpp" />
		<Unit filename="..\..\src\iwInventory.h" />
		<Unit filename="..\..\src\iwLobbyConnect.cpp" />
		<Unit filename="..\..\src\iwLobbyConnect.h" />
		<Unit filename="..\..\src\iwLobbyRanking.cpp" />
		<Unit filename="..\..\src\iwLobbyRanking.h" />
		<Unit filename="..\..\src\iwLobbyServerInfo.cpp" />
		<Unit filename="..\..\src\iwLobbyServerInfo.h" />
		<Unit filename="..\..\src\iwMainMenu.cpp" />
		<Unit filename="..\..\src\iwMainMenu.h" />
		<Unit filename="..\..\src\iwMilitary.cpp" />
		<Unit filename="..\..\src\iwMilitary.h" />
		<Unit filename="..\..\src\iwMilitaryBuilding.cpp" />
		<Unit filename="..\..\src\iwMilitaryBuilding.h" />
		<Unit filename="..\..\src\iwMsgbox.cpp" />
		<Unit filename="..\..\src\iwMsgbox.h" />
		<Unit filename="..\..\src\iwOptionsWindow.cpp" />
		<Unit filename="..\..\src\iwOptionsWindow.h" />
		<Unit filename="..\..\src\iwPlayReplay.cpp" />
		<Unit filename="..\..\src\iwPlayReplay.h" />
		<Unit filename="..\..\src\iwPostWindow.cpp" />
		<Unit filename="..\..\src\iwPostWindow.h" />
		<Unit filename="..\..\src\iwReadme.cpp" />
		<Unit filename="..\..\src\iwReadme.h" />
		<Unit filename="..\..\src\iwRoadWindow.cpp" />
		<Unit filename="..\..\src\iwRoadWindow.h" />
		<Unit filename="..\..\src\iwSkipGFs.cpp" />
		<Unit filename="..\..\src\iwSkipGFs.h" />
		<Unit filename="..\..\src\iwStorehouse.cpp" />
		<Unit filename="..\..\src\iwStorehouse.h" />
		<Unit filename="..\..\src\iwTools.cpp" />
		<Unit filename="..\..\src\iwTools.h" />
		<Unit filename="..\..\src\iwTransport.cpp" />
		<Unit filename="..\..\src\iwTransport.h" />
		<Unit filename="..\..\src\list.h" />
		<Unit filename="..\..\src\lobby\LobbyClient.cpp" />
		<Unit filename="..\..\src\lobby\LobbyClient.h" />
		<Unit filename="..\..\src\lobby\LobbyMessage.cpp" />
		<Unit filename="..\..\src\lobby\LobbyMessage.h" />
		<Unit filename="..\..\src\lobby\LobbyMessageQueue.cpp" />
		<Unit filename="..\..\src\lobby\LobbyMessageQueue.h" />
		<Unit filename="..\..\src\lobby\LobbyPlayer.cpp" />
		<Unit filename="..\..\src\lobby\LobbyPlayer.h" />
		<Unit filename="..\..\src\lobby\LobbyPlayerInfo.cpp" />
		<Unit filename="..\..\src\lobby\LobbyPlayerInfo.h" />
		<Unit filename="..\..\src\lobby\LobbyPlayerList.cpp" />
		<Unit filename="..\..\src\lobby\LobbyPlayerList.h" />
		<Unit filename="..\..\src\lobby\LobbyProtocol.h" />
		<Unit filename="..\..\src\lobby\LobbyServerInfo.cpp" />
		<Unit filename="..\..\src\lobby\LobbyServerInfo.h" />
		<Unit filename="..\..\src\lobby\LobbyServerList.cpp" />
		<Unit filename="..\..\src\lobby\LobbyServerList.h" />
		<Unit filename="..\..\src\macros.h" />
		<Unit filename="..\..\src\main.cpp" />
		<Unit filename="..\..\src\main.h" />
		<Unit filename="..\..\src\mapconsts.h" />
		<Unit filename="..\..\src\noAnimal.cpp" />
		<Unit filename="..\..\src\noAnimal.h" />
		<Unit filename="..\..\src\noBase.cpp" />
		<Unit filename="..\..\src\noBase.h" />
		<Unit filename="..\..\src\noBaseBuilding.cpp" />
		<Unit filename="..\..\src\noBaseBuilding.h" />
		<Unit filename="..\..\src\noBuilding.cpp" />
		<Unit filename="..\..\src\noBuilding.h" />
		<Unit filename="..\..\src\noBuildingExtension.h" />
		<Unit filename="..\..\src\noBuildingSite.cpp" />
		<Unit filename="..\..\src\noBuildingSite.h" />
		<Unit filename="..\..\src\noCoordBase.h" />
		<Unit filename="..\..\src\noEnvObject.cpp" />
		<Unit filename="..\..\src\noEnvObject.h" />
		<Unit filename="..\..\src\noFighting.cpp" />
		<Unit filename="..\..\src\noFighting.h" />
		<Unit filename="..\..\src\noFigure.cpp" />
		<Unit filename="..\..\src\noFigure.h" />
		<Unit filename="..\..\src\noFire.cpp" />
		<Unit filename="..\..\src\noFire.h" />
		<Unit filename="..\..\src\noFlag.cpp" />
		<Unit filename="..\..\src\noFlag.h" />
		<Unit filename="..\..\src\noGrainfield.cpp" />
		<Unit filename="..\..\src\noGrainfield.h" />
		<Unit filename="..\..\src\noGranite.cpp" />
		<Unit filename="..\..\src\noGranite.h" />
		<Unit filename="..\..\src\noMovable.cpp" />
		<Unit filename="..\..\src\noMovable.h" />
		<Unit filename="..\..\src\noNothing.cpp" />
		<Unit filename="..\..\src\noNothing.h" />
		<Unit filename="..\..\src\noRoadNode.cpp" />
		<Unit filename="..\..\src\noRoadNode.h" />
		<Unit filename="..\..\src\noSign.cpp" />
		<Unit filename="..\..\src\noSign.h" />
		<Unit filename="..\..\src\noSkeleton.cpp" />
		<Unit filename="..\..\src\noSkeleton.h" />
		<Unit filename="..\..\src\noTree.cpp" />
		<Unit filename="..\..\src\noTree.h" />
		<Unit filename="..\..\src\nobBaseMilitary.cpp" />
		<Unit filename="..\..\src\nobBaseMilitary.h" />
		<Unit filename="..\..\src\nobBaseWarehouse.cpp" />
		<Unit filename="..\..\src\nobBaseWarehouse.h" />
		<Unit filename="..\..\src\nobHQ.cpp" />
		<Unit filename="..\..\src\nobHQ.h" />
		<Unit filename="..\..\src\nobMilitary.cpp" />
		<Unit filename="..\..\src\nobMilitary.h" />
		<Unit filename="..\..\src\nobStorehouse.cpp" />
		<Unit filename="..\..\src\nobStorehouse.h" />
		<Unit filename="..\..\src\nobUsual.cpp" />
		<Unit filename="..\..\src\nobUsual.h" />
		<Unit filename="..\..\src\nofArmorer.cpp" />
		<Unit filename="..\..\src\nofArmorer.h" />
		<Unit filename="..\..\src\nofBaker.cpp" />
		<Unit filename="..\..\src\nofBaker.h" />
		<Unit filename="..\..\src\nofBrewer.cpp" />
		<Unit filename="..\..\src\nofBrewer.h" />
		<Unit filename="..\..\src\nofBuilder.cpp" />
		<Unit filename="..\..\src\nofBuilder.h" />
		<Unit filename="..\..\src\nofBuildingWorker.cpp" />
		<Unit filename="..\..\src\nofBuildingWorker.h" />
		<Unit filename="..\..\src\nofButcher.cpp" />
		<Unit filename="..\..\src\nofButcher.h" />
		<Unit filename="..\..\src\nofCarpenter.cpp" />
		<Unit filename="..\..\src\nofCarpenter.h" />
		<Unit filename="..\..\src\nofCarrier.cpp" />
		<Unit filename="..\..\src\nofCarrier.h" />
		<Unit filename="..\..\src\nofDonkeybreeder.cpp" />
		<Unit filename="..\..\src\nofDonkeybreeder.h" />
		<Unit filename="..\..\src\nofFarmer.cpp" />
		<Unit filename="..\..\src\nofFarmer.h" />
		<Unit filename="..\..\src\nofFarmhand.cpp" />
		<Unit filename="..\..\src\nofFarmhand.h" />
		<Unit filename="..\..\src\nofFisher.cpp" />
		<Unit filename="..\..\src\nofFisher.h" />
		<Unit filename="..\..\src\nofFlagWorker.cpp" />
		<Unit filename="..\..\src\nofFlagWorker.h" />
		<Unit filename="..\..\src\nofForester.cpp" />
		<Unit filename="..\..\src\nofForester.h" />
		<Unit filename="..\..\src\nofGeologist.cpp" />
		<Unit filename="..\..\src\nofGeologist.h" />
		<Unit filename="..\..\src\nofHunter.cpp" />
		<Unit filename="..\..\src\nofHunter.h" />
		<Unit filename="..\..\src\nofIronfounder.cpp" />
		<Unit filename="..\..\src\nofIronfounder.h" />
		<Unit filename="..\..\src\nofMetalworker.cpp" />
		<Unit filename="..\..\src\nofMetalworker.h" />
		<Unit filename="..\..\src\nofMiller.cpp" />
		<Unit filename="..\..\src\nofMiller.h" />
		<Unit filename="..\..\src\nofMiner.cpp" />
		<Unit filename="..\..\src\nofMiner.h" />
		<Unit filename="..\..\src\nofMinter.cpp" />
		<Unit filename="..\..\src\nofMinter.h" />
		<Unit filename="..\..\src\nofPigbreeder.cpp" />
		<Unit filename="..\..\src\nofPigbreeder.h" />
		<Unit filename="..\..\src\nofSoldier.cpp" />
		<Unit filename="..\..\src\nofSoldier.h" />
		<Unit filename="..\..\src\nofStonemason.cpp" />
		<Unit filename="..\..\src\nofStonemason.h" />
		<Unit filename="..\..\src\nofWarehouseWorker.cpp" />
		<Unit filename="..\..\src\nofWarehouseWorker.h" />
		<Unit filename="..\..\src\nofWellguy.cpp" />
		<Unit filename="..\..\src\nofWellguy.h" />
		<Unit filename="..\..\src\nofWoodcutter.cpp" />
		<Unit filename="..\..\src\nofWoodcutter.h" />
		<Unit filename="..\..\src\nofWorkman.cpp" />
		<Unit filename="..\..\src\nofWorkman.h" />
		<Unit filename="..\..\src\player.h" />
		<Unit filename="..\..\src\playerimage.h" />
		<Unit filename="..\..\src\signale.cpp" />
		<Unit filename="..\..\src\signale.h" />
		<Unit filename="..\..\build_version.cpp" />
		<Unit filename="..\..\build_version.h" />
		<Extensions>
			<code_completion />
			<envvars />
		</Extensions>
	</Project>
</CodeBlocks_project_file>
