<?xml version="1.0" encoding="utf-8"?>
<Project ToolsVersion="4.0" xmlns="http://schemas.microsoft.com/developer/msbuild/2003">
  <ItemGroup>
    <Filter Include="Quelldateien">
      <UniqueIdentifier>{4FC737F1-C7A5-4376-A066-2A32D752A2FF}</UniqueIdentifier>
      <Extensions>cpp;c;cc;cxx;def;odl;idl;hpj;bat;asm;asmx</Extensions>
    </Filter>
    <Filter Include="Headerdateien">
      <UniqueIdentifier>{93995380-89BD-4b04-88EB-625FBE52EBFB}</UniqueIdentifier>
      <Extensions>h;hpp;hxx;hm;inl;inc;xsd</Extensions>
    </Filter>
    <Filter Include="Ressourcendateien">
      <UniqueIdentifier>{67DA6AB6-F800-4c08-8B7A-83BB121AAD01}</UniqueIdentifier>
      <Extensions>rc;ico;cur;bmp;dlg;rc2;rct;bin;rgs;gif;jpg;jpeg;jpe;resx;tiff;tif;png;wav;mfcribbon-ms</Extensions>
    </Filter>
    <Filter Include="Quelldateien\Common">
      <UniqueIdentifier>{ce26df18-ce63-4f0f-956b-04802dc89cd1}</UniqueIdentifier>
    </Filter>
    <Filter Include="Quelldateien\Game">
      <UniqueIdentifier>{994b60f1-ff51-4299-a0a7-c856f6675e9c}</UniqueIdentifier>
    </Filter>
    <Filter Include="Quelldateien\Loader">
      <UniqueIdentifier>{1e0d1668-e437-4241-a442-009b36ea83f8}</UniqueIdentifier>
    </Filter>
    <Filter Include="Quelldateien\Loader\libsiedler2">
      <UniqueIdentifier>{4a7e97dd-b44f-4cac-83db-26dd94894e8d}</UniqueIdentifier>
    </Filter>
    <Filter Include="Quelldateien\Game\Addons">
      <UniqueIdentifier>{a3d4ee3d-29c0-464e-9bec-71f478116e2b}</UniqueIdentifier>
    </Filter>
    <Filter Include="Quelldateien\Game\AI">
      <UniqueIdentifier>{0753118a-659f-4fe7-b3f9-b5aef932b59e}</UniqueIdentifier>
    </Filter>
    <Filter Include="Quelldateien\Game\GUI">
      <UniqueIdentifier>{999ab50a-fa4c-478b-b9e2-e76a138f2b9f}</UniqueIdentifier>
    </Filter>
    <Filter Include="Quelldateien\Game\GUI\controls">
      <UniqueIdentifier>{886fe6e5-ad98-4937-a754-957ab610e699}</UniqueIdentifier>
    </Filter>
    <Filter Include="Quelldateien\Game\GUI\windows">
      <UniqueIdentifier>{96ad4f29-22f4-470a-9cfe-0cbd066827e7}</UniqueIdentifier>
    </Filter>
    <Filter Include="Quelldateien\Game\GUI\desktops">
      <UniqueIdentifier>{9bb5e350-0274-4cfd-a4da-ad1f0f794d57}</UniqueIdentifier>
    </Filter>
    <Filter Include="Quelldateien\Game\Other">
      <UniqueIdentifier>{bedc45dc-784d-476c-9de0-d5edece71c8a}</UniqueIdentifier>
    </Filter>
    <Filter Include="Quelldateien\Game\Nodes">
      <UniqueIdentifier>{32489638-b924-4017-bd05-aaa4ace5c5fe}</UniqueIdentifier>
    </Filter>
    <Filter Include="Quelldateien\Loader\Driver">
      <UniqueIdentifier>{5806bd48-55dc-4fcb-982f-0b08f56d47c9}</UniqueIdentifier>
    </Filter>
    <Filter Include="Quelldateien\Debug">
      <UniqueIdentifier>{326bb6b8-998a-4f4e-9a34-c50182346fd5}</UniqueIdentifier>
    </Filter>
    <Filter Include="Headerdateien\Common">
      <UniqueIdentifier>{11c86432-7a5b-48c2-a56c-47881a7d0df0}</UniqueIdentifier>
    </Filter>
    <Filter Include="Headerdateien\Debug">
      <UniqueIdentifier>{99135fba-e14e-421f-a529-453bfba45847}</UniqueIdentifier>
    </Filter>
    <Filter Include="Headerdateien\Game">
      <UniqueIdentifier>{955f8761-53e9-456c-b40f-406ed8eb4781}</UniqueIdentifier>
    </Filter>
    <Filter Include="Headerdateien\Game\Addons">
      <UniqueIdentifier>{76170a37-e16e-4cdb-98d0-cd763caa076d}</UniqueIdentifier>
    </Filter>
    <Filter Include="Headerdateien\Game\AI">
      <UniqueIdentifier>{0762347a-37ff-4104-ab82-4841cac36fd4}</UniqueIdentifier>
    </Filter>
    <Filter Include="Headerdateien\Game\GUI">
      <UniqueIdentifier>{d410a011-7c8d-4baa-b483-0a9ba077bee0}</UniqueIdentifier>
    </Filter>
    <Filter Include="Headerdateien\Game\GUI\controls">
      <UniqueIdentifier>{8ef1aeb7-8bb7-47fe-86fa-3de52b9604e5}</UniqueIdentifier>
    </Filter>
    <Filter Include="Headerdateien\Game\GUI\desktops">
      <UniqueIdentifier>{baa70ef0-eeca-4820-80a9-0688e099ef48}</UniqueIdentifier>
    </Filter>
    <Filter Include="Headerdateien\Game\GUI\windows">
      <UniqueIdentifier>{3ba4ea71-1d08-4919-b101-0ae2116021f2}</UniqueIdentifier>
    </Filter>
    <Filter Include="Headerdateien\Game\Nodes">
      <UniqueIdentifier>{f9db9fed-a129-4853-a4a9-c25c7d68de28}</UniqueIdentifier>
    </Filter>
    <Filter Include="Headerdateien\Game\Other">
      <UniqueIdentifier>{8867af82-2f77-44f1-8832-b142f29d7948}</UniqueIdentifier>
    </Filter>
    <Filter Include="Headerdateien\Loader">
      <UniqueIdentifier>{f37e1d34-0df1-4819-81ad-5c1166ce3285}</UniqueIdentifier>
    </Filter>
    <Filter Include="Headerdateien\Loader\Driver">
      <UniqueIdentifier>{c4cb9d89-7ad6-4cb9-961b-21a3f294b3fb}</UniqueIdentifier>
    </Filter>
    <Filter Include="Headerdateien\Loader\libsiedler2">
      <UniqueIdentifier>{a5ff556e-dc97-4ae1-8505-586fcd0c00d2}</UniqueIdentifier>
    </Filter>
  </ItemGroup>
  <ItemGroup>
    <ClInclude Include="..\..\src\AudioDriverLoaderInterface.h">
      <Filter>Headerdateien\Loader\Driver</Filter>
    </ClInclude>
    <ClInclude Include="..\..\src\AudioDriverWrapper.h">
      <Filter>Headerdateien\Loader\Driver</Filter>
    </ClInclude>
    <ClInclude Include="..\..\src\BuildingConsts.h">
      <Filter>Headerdateien\Game\Nodes</Filter>
    </ClInclude>
    <ClInclude Include="..\..\src\CatapultStone.h">
      <Filter>Headerdateien\Game\Nodes</Filter>
    </ClInclude>
    <ClInclude Include="..\..\src\BurnedWarehouse.h">
      <Filter>Headerdateien\Game\Nodes</Filter>
    </ClInclude>
    <ClInclude Include="..\..\src\ClientInterface.h">
      <Filter>Headerdateien\Game\Other</Filter>
    </ClInclude>
    <ClInclude Include="..\..\src\controls.h">
      <Filter>Headerdateien\Game\GUI\controls</Filter>
    </ClInclude>
    <ClInclude Include="..\..\src\ctrlVarText.h">
      <Filter>Headerdateien\Game\GUI\controls</Filter>
    </ClInclude>
    <ClInclude Include="..\..\src\ctrlBuildingIcon.h">
      <Filter>Headerdateien\Game\GUI\controls</Filter>
    </ClInclude>
    <ClInclude Include="..\..\src\ctrlButton.h">
      <Filter>Headerdateien\Game\GUI\controls</Filter>
    </ClInclude>
    <ClInclude Include="..\..\src\ctrlChat.h">
      <Filter>Headerdateien\Game\GUI\controls</Filter>
    </ClInclude>
    <ClInclude Include="..\..\src\ctrlCheck.h">
      <Filter>Headerdateien\Game\GUI\controls</Filter>
    </ClInclude>
    <ClInclude Include="..\..\src\ctrlComboBox.h">
      <Filter>Headerdateien\Game\GUI\controls</Filter>
    </ClInclude>
    <ClInclude Include="..\..\src\ctrlDeepening.h">
      <Filter>Headerdateien\Game\GUI\controls</Filter>
    </ClInclude>
    <ClInclude Include="..\..\src\ctrlEdit.h">
      <Filter>Headerdateien\Game\GUI\controls</Filter>
    </ClInclude>
    <ClInclude Include="..\..\src\ctrlGroup.h">
      <Filter>Headerdateien\Game\GUI\controls</Filter>
    </ClInclude>
    <ClInclude Include="..\..\src\ctrlImage.h">
      <Filter>Headerdateien\Game\GUI\controls</Filter>
    </ClInclude>
    <ClInclude Include="..\..\src\ctrlIngameMinimap.h">
      <Filter>Headerdateien\Game\GUI\controls</Filter>
    </ClInclude>
    <ClInclude Include="..\..\src\ctrlList.h">
      <Filter>Headerdateien\Game\GUI\controls</Filter>
    </ClInclude>
    <ClInclude Include="..\..\src\ctrlMinimap.h">
      <Filter>Headerdateien\Game\GUI\controls</Filter>
    </ClInclude>
    <ClInclude Include="..\..\src\ctrlMultiline.h">
      <Filter>Headerdateien\Game\GUI\controls</Filter>
    </ClInclude>
    <ClInclude Include="..\..\src\ctrlMultiSelectGroup.h">
      <Filter>Headerdateien\Game\GUI\controls</Filter>
    </ClInclude>
    <ClInclude Include="..\..\src\ctrlOptionGroup.h">
      <Filter>Headerdateien\Game\GUI\controls</Filter>
    </ClInclude>
    <ClInclude Include="..\..\src\ctrlPercent.h">
      <Filter>Headerdateien\Game\GUI\controls</Filter>
    </ClInclude>
    <ClInclude Include="..\..\src\ctrlPreviewMinimap.h">
      <Filter>Headerdateien\Game\GUI\controls</Filter>
    </ClInclude>
    <ClInclude Include="..\..\src\ctrlProgress.h">
      <Filter>Headerdateien\Game\GUI\controls</Filter>
    </ClInclude>
    <ClInclude Include="..\..\src\ctrlRectangle.h">
      <Filter>Headerdateien\Game\GUI\controls</Filter>
    </ClInclude>
    <ClInclude Include="..\..\src\ctrlScrollBar.h">
      <Filter>Headerdateien\Game\GUI\controls</Filter>
    </ClInclude>
    <ClInclude Include="..\..\src\ctrlTab.h">
      <Filter>Headerdateien\Game\GUI\controls</Filter>
    </ClInclude>
    <ClInclude Include="..\..\src\ctrlTable.h">
      <Filter>Headerdateien\Game\GUI\controls</Filter>
    </ClInclude>
    <ClInclude Include="..\..\src\ctrlText.h">
      <Filter>Headerdateien\Game\GUI\controls</Filter>
    </ClInclude>
    <ClInclude Include="..\..\src\ctrlTimer.h">
      <Filter>Headerdateien\Game\GUI\controls</Filter>
    </ClInclude>
    <ClInclude Include="..\..\src\ctrlVarDeepening.h">
      <Filter>Headerdateien\Game\GUI\controls</Filter>
    </ClInclude>
    <ClInclude Include="..\..\src\DriverWrapper.h">
      <Filter>Headerdateien\Loader\Driver</Filter>
    </ClInclude>
    <ClInclude Include="..\..\src\dskSplash.h">
      <Filter>Headerdateien\Game\GUI\desktops</Filter>
    </ClInclude>
    <ClInclude Include="..\..\src\dskAboutRTTR.h">
      <Filter>Headerdateien\Game\GUI\desktops</Filter>
    </ClInclude>
    <ClInclude Include="..\..\src\dskCredits.h">
      <Filter>Headerdateien\Game\GUI\desktops</Filter>
    </ClInclude>
    <ClInclude Include="..\..\src\dskDirectIP.h">
      <Filter>Headerdateien\Game\GUI\desktops</Filter>
    </ClInclude>
    <ClInclude Include="..\..\src\dskGameInterface.h">
      <Filter>Headerdateien\Game\GUI\desktops</Filter>
    </ClInclude>
    <ClInclude Include="..\..\src\dskGameLoader.h">
      <Filter>Headerdateien\Game\GUI\desktops</Filter>
    </ClInclude>
    <ClInclude Include="..\..\src\dskHostGame.h">
      <Filter>Headerdateien\Game\GUI\desktops</Filter>
    </ClInclude>
    <ClInclude Include="..\..\src\dskIntro.h">
      <Filter>Headerdateien\Game\GUI\desktops</Filter>
    </ClInclude>
    <ClInclude Include="..\..\src\dskLobby.h">
      <Filter>Headerdateien\Game\GUI\desktops</Filter>
    </ClInclude>
    <ClInclude Include="..\..\src\dskMainMenu.h">
      <Filter>Headerdateien\Game\GUI\desktops</Filter>
    </ClInclude>
    <ClInclude Include="..\..\src\dskMultiPlayer.h">
      <Filter>Headerdateien\Game\GUI\desktops</Filter>
    </ClInclude>
    <ClInclude Include="..\..\src\dskOptions.h">
      <Filter>Headerdateien\Game\GUI\desktops</Filter>
    </ClInclude>
    <ClInclude Include="..\..\src\dskSelectMap.h">
      <Filter>Headerdateien\Game\GUI\desktops</Filter>
    </ClInclude>
    <ClInclude Include="..\..\src\dskSinglePlayer.h">
      <Filter>Headerdateien\Game\GUI\desktops</Filter>
    </ClInclude>
    <ClInclude Include="..\..\src\ExtensionList.h">
      <Filter>Headerdateien\Loader\Driver</Filter>
    </ClInclude>
    <ClInclude Include="..\..\src\GameClientPlayer.h">
      <Filter>Headerdateien\Game\Other</Filter>
    </ClInclude>
    <ClInclude Include="..\..\src\GameClient.h">
      <Filter>Headerdateien\Game\Other</Filter>
    </ClInclude>
    <ClInclude Include="..\..\src\glArchivItem_Sound_XMidi.h">
      <Filter>Headerdateien\Loader\libsiedler2</Filter>
    </ClInclude>
    <ClInclude Include="..\..\src\glAllocator.h">
      <Filter>Headerdateien\Loader\libsiedler2</Filter>
    </ClInclude>
    <ClInclude Include="..\..\src\glArchivItem_Bitmap.h">
      <Filter>Headerdateien\Loader\libsiedler2</Filter>
    </ClInclude>
    <ClInclude Include="..\..\src\glArchivItem_Bitmap_Direct.h">
      <Filter>Headerdateien\Loader\libsiedler2</Filter>
    </ClInclude>
    <ClInclude Include="..\..\src\glArchivItem_Bitmap_Player.h">
      <Filter>Headerdateien\Loader\libsiedler2</Filter>
    </ClInclude>
    <ClInclude Include="..\..\src\glArchivItem_Bitmap_Raw.h">
      <Filter>Headerdateien\Loader\libsiedler2</Filter>
    </ClInclude>
    <ClInclude Include="..\..\src\glArchivItem_Bitmap_RLE.h">
      <Filter>Headerdateien\Loader\libsiedler2</Filter>
    </ClInclude>
    <ClInclude Include="..\..\src\glArchivItem_Bitmap_Shadow.h">
      <Filter>Headerdateien\Loader\libsiedler2</Filter>
    </ClInclude>
    <ClInclude Include="..\..\src\glArchivItem_Bob.h">
      <Filter>Headerdateien\Loader\libsiedler2</Filter>
    </ClInclude>
    <ClInclude Include="..\..\src\glArchivItem_Font.h">
      <Filter>Headerdateien\Loader\libsiedler2</Filter>
    </ClInclude>
    <ClInclude Include="..\..\src\glArchivItem_Map.h">
      <Filter>Headerdateien\Loader\libsiedler2</Filter>
    </ClInclude>
    <ClInclude Include="..\..\src\glArchivItem_Music.h">
      <Filter>Headerdateien\Loader\libsiedler2</Filter>
    </ClInclude>
    <ClInclude Include="..\..\src\glArchivItem_Sound.h">
      <Filter>Headerdateien\Loader\libsiedler2</Filter>
    </ClInclude>
    <ClInclude Include="..\..\src\glArchivItem_Sound_Midi.h">
      <Filter>Headerdateien\Loader\libsiedler2</Filter>
    </ClInclude>
    <ClInclude Include="..\..\src\glArchivItem_Sound_Other.h">
      <Filter>Headerdateien\Loader\libsiedler2</Filter>
    </ClInclude>
    <ClInclude Include="..\..\src\glArchivItem_Sound_Wave.h">
      <Filter>Headerdateien\Loader\libsiedler2</Filter>
    </ClInclude>
    <ClInclude Include="..\..\src\GameProtocol.h">
      <Filter>Headerdateien\Game\Other</Filter>
    </ClInclude>
    <ClInclude Include="..\..\src\GameCommands.h">
      <Filter>Headerdateien\Game\Other</Filter>
    </ClInclude>
    <ClInclude Include="..\..\src\GameConsts.h">
      <Filter>Headerdateien\Game\Other</Filter>
    </ClInclude>
    <ClInclude Include="..\..\src\GameInterface.h">
      <Filter>Headerdateien\Game\Other</Filter>
    </ClInclude>
    <ClInclude Include="..\..\src\GameManager.h">
      <Filter>Headerdateien\Game\Other</Filter>
    </ClInclude>
    <ClInclude Include="..\..\src\GameMessage.h">
      <Filter>Headerdateien\Game\Other</Filter>
    </ClInclude>
    <ClInclude Include="..\..\src\GameMessageInterface.h">
      <Filter>Headerdateien\Game\Other</Filter>
    </ClInclude>
    <ClInclude Include="..\..\src\GameMessages.h">
      <Filter>Headerdateien\Game\Other</Filter>
    </ClInclude>
    <ClInclude Include="..\..\src\GameObject.h">
      <Filter>Headerdateien\Game\Other</Filter>
    </ClInclude>
    <ClInclude Include="..\..\src\GamePlayerInfo.h">
      <Filter>Headerdateien\Game\Other</Filter>
    </ClInclude>
    <ClInclude Include="..\..\src\GamePlayerList.h">
      <Filter>Headerdateien\Game\Other</Filter>
    </ClInclude>
    <ClInclude Include="..\..\src\iwTransport.h">
      <Filter>Headerdateien\Game\GUI\windows</Filter>
    </ClInclude>
    <ClInclude Include="..\..\src\iwAction.h">
      <Filter>Headerdateien\Game\GUI\windows</Filter>
    </ClInclude>
    <ClInclude Include="..\..\src\iwAddons.h">
      <Filter>Headerdateien\Game\GUI\windows</Filter>
    </ClInclude>
    <ClInclude Include="..\..\src\iwAIDebug.h">
      <Filter>Headerdateien\Game\GUI\windows</Filter>
    </ClInclude>
    <ClInclude Include="..\..\src\iwBaseWarehouse.h">
      <Filter>Headerdateien\Game\GUI\windows</Filter>
    </ClInclude>
    <ClInclude Include="..\..\src\iwBuilding.h">
      <Filter>Headerdateien\Game\GUI\windows</Filter>
    </ClInclude>
    <ClInclude Include="..\..\src\iwBuildingProductivities.h">
      <Filter>Headerdateien\Game\GUI\windows</Filter>
    </ClInclude>
    <ClInclude Include="..\..\src\iwBuildings.h">
      <Filter>Headerdateien\Game\GUI\windows</Filter>
    </ClInclude>
    <ClInclude Include="..\..\src\iwBuildingSite.h">
      <Filter>Headerdateien\Game\GUI\windows</Filter>
    </ClInclude>
    <ClInclude Include="..\..\src\iwBuildOrder.h">
      <Filter>Headerdateien\Game\GUI\windows</Filter>
    </ClInclude>
    <ClInclude Include="..\..\src\iwChat.h">
      <Filter>Headerdateien\Game\GUI\windows</Filter>
    </ClInclude>
    <ClInclude Include="..\..\src\iwDemolishBuilding.h">
      <Filter>Headerdateien\Game\GUI\windows</Filter>
    </ClInclude>
    <ClInclude Include="..\..\src\iwDiplomacy.h">
      <Filter>Headerdateien\Game\GUI\windows</Filter>
    </ClInclude>
    <ClInclude Include="..\..\src\iwDirectIPConnect.h">
      <Filter>Headerdateien\Game\GUI\windows</Filter>
    </ClInclude>
    <ClInclude Include="..\..\src\iwDirectIPCreate.h">
      <Filter>Headerdateien\Game\GUI\windows</Filter>
    </ClInclude>
    <ClInclude Include="..\..\src\iwDistribution.h">
      <Filter>Headerdateien\Game\GUI\windows</Filter>
    </ClInclude>
    <ClInclude Include="..\..\src\iwEndgame.h">
      <Filter>Headerdateien\Game\GUI\windows</Filter>
    </ClInclude>
    <ClInclude Include="..\..\src\iwHarborBuilding.h">
      <Filter>Headerdateien\Game\GUI\windows</Filter>
    </ClInclude>
    <ClInclude Include="..\..\src\iwHelp.h">
      <Filter>Headerdateien\Game\GUI\windows</Filter>
    </ClInclude>
    <ClInclude Include="..\..\src\iwHQ.h">
      <Filter>Headerdateien\Game\GUI\windows</Filter>
    </ClInclude>
    <ClInclude Include="..\..\src\iwInventory.h">
      <Filter>Headerdateien\Game\GUI\windows</Filter>
    </ClInclude>
    <ClInclude Include="..\..\src\iwLobbyConnect.h">
      <Filter>Headerdateien\Game\GUI\windows</Filter>
    </ClInclude>
    <ClInclude Include="..\..\src\iwLobbyRanking.h">
      <Filter>Headerdateien\Game\GUI\windows</Filter>
    </ClInclude>
    <ClInclude Include="..\..\src\iwLobbyServerInfo.h">
      <Filter>Headerdateien\Game\GUI\windows</Filter>
    </ClInclude>
    <ClInclude Include="..\..\src\iwMainMenu.h">
      <Filter>Headerdateien\Game\GUI\windows</Filter>
    </ClInclude>
    <ClInclude Include="..\..\src\iwMerchandiseStatistics.h">
      <Filter>Headerdateien\Game\GUI\windows</Filter>
    </ClInclude>
    <ClInclude Include="..\..\src\iwMilitary.h">
      <Filter>Headerdateien\Game\GUI\windows</Filter>
    </ClInclude>
    <ClInclude Include="..\..\src\iwMilitaryBuilding.h">
      <Filter>Headerdateien\Game\GUI\windows</Filter>
    </ClInclude>
    <ClInclude Include="..\..\src\iwMinimap.h">
      <Filter>Headerdateien\Game\GUI\windows</Filter>
    </ClInclude>
    <ClInclude Include="..\..\src\iwMsgbox.h">
      <Filter>Headerdateien\Game\GUI\windows</Filter>
    </ClInclude>
    <ClInclude Include="..\..\src\iwMusicPlayer.h">
      <Filter>Headerdateien\Game\GUI\windows</Filter>
    </ClInclude>
    <ClInclude Include="..\..\src\iwObservate.h">
      <Filter>Headerdateien\Game\GUI\windows</Filter>
    </ClInclude>
    <ClInclude Include="..\..\src\iwOptionsWindow.h">
      <Filter>Headerdateien\Game\GUI\windows</Filter>
    </ClInclude>
    <ClInclude Include="..\..\src\iwPlayReplay.h">
      <Filter>Headerdateien\Game\GUI\windows</Filter>
    </ClInclude>
    <ClInclude Include="..\..\src\iwPleaseWait.h">
      <Filter>Headerdateien\Game\GUI\windows</Filter>
    </ClInclude>
    <ClInclude Include="..\..\src\iwPostWindow.h">
      <Filter>Headerdateien\Game\GUI\windows</Filter>
    </ClInclude>
    <ClInclude Include="..\..\src\iwRoadWindow.h">
      <Filter>Headerdateien\Game\GUI\windows</Filter>
    </ClInclude>
    <ClInclude Include="..\..\src\iwSave.h">
      <Filter>Headerdateien\Game\GUI\windows</Filter>
    </ClInclude>
    <ClInclude Include="..\..\src\iwSettings.h">
      <Filter>Headerdateien\Game\GUI\windows</Filter>
    </ClInclude>
    <ClInclude Include="..\..\src\iwShip.h">
      <Filter>Headerdateien\Game\GUI\windows</Filter>
    </ClInclude>
    <ClInclude Include="..\..\src\iwSkipGFs.h">
      <Filter>Headerdateien\Game\GUI\windows</Filter>
    </ClInclude>
    <ClInclude Include="..\..\src\iwStatistics.h">
      <Filter>Headerdateien\Game\GUI\windows</Filter>
    </ClInclude>
    <ClInclude Include="..\..\src\iwStorehouse.h">
      <Filter>Headerdateien\Game\GUI\windows</Filter>
    </ClInclude>
    <ClInclude Include="..\..\src\iwSurrender.h">
      <Filter>Headerdateien\Game\GUI\windows</Filter>
    </ClInclude>
    <ClInclude Include="..\..\src\iwTextfile.h">
      <Filter>Headerdateien\Game\GUI\windows</Filter>
    </ClInclude>
    <ClInclude Include="..\..\src\iwTools.h">
      <Filter>Headerdateien\Game\GUI\windows</Filter>
    </ClInclude>
    <ClInclude Include="..\..\src\iwTrade.h">
      <Filter>Headerdateien\Game\GUI\windows</Filter>
    </ClInclude>
    <ClInclude Include="..\..\src\iwWares.h">
      <Filter>Headerdateien\Game\GUI\windows</Filter>
    </ClInclude>
    <ClInclude Include="..\..\src\DoorConsts.h">
      <Filter>Headerdateien\Game\Other</Filter>
    </ClInclude>
    <ClInclude Include="..\..\src\GlobalGameSettings.h">
      <Filter>Headerdateien\Game\Other</Filter>
    </ClInclude>
    <ClInclude Include="..\..\src\EventManager.h">
      <Filter>Headerdateien\Game\Other</Filter>
    </ClInclude>
    <ClInclude Include="..\..\src\FileChecksum.h">
      <Filter>Headerdateien\Game\Other</Filter>
    </ClInclude>
    <ClInclude Include="..\..\src\FOWObjects.h">
      <Filter>Headerdateien\Game\Other</Filter>
    </ClInclude>
    <ClInclude Include="..\..\src\GameReplay.h">
      <Filter>Headerdateien\Game\Other</Filter>
    </ClInclude>
    <ClInclude Include="..\..\src\GameSavedFile.h">
      <Filter>Headerdateien\Game\Other</Filter>
    </ClInclude>
    <ClInclude Include="..\..\src\GameSavegame.h">
      <Filter>Headerdateien\Game\Other</Filter>
    </ClInclude>
    <ClInclude Include="..\..\src\GameServer.h">
      <Filter>Headerdateien\Game\Other</Filter>
    </ClInclude>
    <ClInclude Include="..\..\src\GameServerPlayer.h">
      <Filter>Headerdateien\Game\Other</Filter>
    </ClInclude>
    <ClInclude Include="..\..\src\GameWorld.h">
      <Filter>Headerdateien\Game\Other</Filter>
    </ClInclude>
    <ClInclude Include="..\..\src\GammaTable.h">
      <Filter>Headerdateien\Game\Other</Filter>
    </ClInclude>
    <ClInclude Include="..\..\src\Loader.h">
      <Filter>Headerdateien\Loader</Filter>
    </ClInclude>
    <ClInclude Include="..\..\src\JobConsts.h">
      <Filter>Headerdateien\Game\Other</Filter>
    </ClInclude>
    <ClInclude Include="..\..\src\CollisionDetection.h">
      <Filter>Headerdateien\Game\Other</Filter>
    </ClInclude>
    <ClInclude Include="..\..\src\MapConsts.h">
      <Filter>Headerdateien\Game\Other</Filter>
    </ClInclude>
    <ClInclude Include="..\..\src\MinimapConsts.h">
      <Filter>Headerdateien\Game\Other</Filter>
    </ClInclude>
    <ClInclude Include="..\..\src\MapGeometry.h">
      <Filter>Headerdateien\Game\Other</Filter>
    </ClInclude>
    <ClInclude Include="..\..\src\Messenger.h">
      <Filter>Headerdateien\Game\Other</Filter>
    </ClInclude>
    <ClInclude Include="..\..\src\MilitaryConsts.h">
      <Filter>Headerdateien\Game\Other</Filter>
    </ClInclude>
    <ClInclude Include="..\..\src\Minimap.h">
      <Filter>Headerdateien\Game\Other</Filter>
    </ClInclude>
    <ClInclude Include="..\..\src\noCoordBase.h">
      <Filter>Headerdateien\Game\Nodes</Filter>
    </ClInclude>
    <ClInclude Include="..\..\src\noAnimal.h">
      <Filter>Headerdateien\Game\Nodes</Filter>
    </ClInclude>
    <ClInclude Include="..\..\src\noBase.h">
      <Filter>Headerdateien\Game\Nodes</Filter>
    </ClInclude>
    <ClInclude Include="..\..\src\noBaseBuilding.h">
      <Filter>Headerdateien\Game\Nodes</Filter>
    </ClInclude>
    <ClInclude Include="..\..\src\nobBaseMilitary.h">
      <Filter>Headerdateien\Game\Nodes</Filter>
    </ClInclude>
    <ClInclude Include="..\..\src\nobBaseWarehouse.h">
      <Filter>Headerdateien\Game\Nodes</Filter>
    </ClInclude>
    <ClInclude Include="..\..\src\nobHarborBuilding.h">
      <Filter>Headerdateien\Game\Nodes</Filter>
    </ClInclude>
    <ClInclude Include="..\..\src\nobHQ.h">
      <Filter>Headerdateien\Game\Nodes</Filter>
    </ClInclude>
    <ClInclude Include="..\..\src\nobMilitary.h">
      <Filter>Headerdateien\Game\Nodes</Filter>
    </ClInclude>
    <ClInclude Include="..\..\src\nobShipYard.h">
      <Filter>Headerdateien\Game\Nodes</Filter>
    </ClInclude>
    <ClInclude Include="..\..\src\nobStorehouse.h">
      <Filter>Headerdateien\Game\Nodes</Filter>
    </ClInclude>
    <ClInclude Include="..\..\src\noBuilding.h">
      <Filter>Headerdateien\Game\Nodes</Filter>
    </ClInclude>
    <ClInclude Include="..\..\src\noBuildingSite.h">
      <Filter>Headerdateien\Game\Nodes</Filter>
    </ClInclude>
    <ClInclude Include="..\..\src\nobUsual.h">
      <Filter>Headerdateien\Game\Nodes</Filter>
    </ClInclude>
    <ClInclude Include="..\..\src\noCharburnerPile.h">
      <Filter>Headerdateien\Game\Nodes</Filter>
    </ClInclude>
    <ClInclude Include="..\..\src\noDisappearingMapEnvObject.h">
      <Filter>Headerdateien\Game\Nodes</Filter>
    </ClInclude>
    <ClInclude Include="..\..\src\noDisappearingEnvObject.h">
      <Filter>Headerdateien\Game\Nodes</Filter>
    </ClInclude>
    <ClInclude Include="..\..\src\NodalObjectTypes.h">
      <Filter>Headerdateien\Game\Nodes</Filter>
    </ClInclude>
    <ClInclude Include="..\..\src\Node.h">
      <Filter>Headerdateien\Game\Nodes</Filter>
    </ClInclude>
    <ClInclude Include="..\..\src\noEnvObject.h">
      <Filter>Headerdateien\Game\Nodes</Filter>
    </ClInclude>
    <ClInclude Include="..\..\src\noExtension.h">
      <Filter>Headerdateien\Game\Nodes</Filter>
    </ClInclude>
    <ClInclude Include="..\..\src\nofActiveSoldier.h">
      <Filter>Headerdateien\Game\Nodes</Filter>
    </ClInclude>
    <ClInclude Include="..\..\src\nofAggressiveDefender.h">
      <Filter>Headerdateien\Game\Nodes</Filter>
    </ClInclude>
    <ClInclude Include="..\..\src\nofArmorer.h">
      <Filter>Headerdateien\Game\Nodes</Filter>
    </ClInclude>
    <ClInclude Include="..\..\src\nofAttacker.h">
      <Filter>Headerdateien\Game\Nodes</Filter>
    </ClInclude>
    <ClInclude Include="..\..\src\nofBaker.h">
      <Filter>Headerdateien\Game\Nodes</Filter>
    </ClInclude>
    <ClInclude Include="..\..\src\nofBrewer.h">
      <Filter>Headerdateien\Game\Nodes</Filter>
    </ClInclude>
    <ClInclude Include="..\..\src\nofBuilder.h">
      <Filter>Headerdateien\Game\Nodes</Filter>
    </ClInclude>
    <ClInclude Include="..\..\src\nofBuildingWorker.h">
      <Filter>Headerdateien\Game\Nodes</Filter>
    </ClInclude>
    <ClInclude Include="..\..\src\nofButcher.h">
      <Filter>Headerdateien\Game\Nodes</Filter>
    </ClInclude>
    <ClInclude Include="..\..\src\nofCarpenter.h">
      <Filter>Headerdateien\Game\Nodes</Filter>
    </ClInclude>
    <ClInclude Include="..\..\src\nofCarrier.h">
      <Filter>Headerdateien\Game\Nodes</Filter>
    </ClInclude>
    <ClInclude Include="..\..\src\nofCatapultMan.h">
      <Filter>Headerdateien\Game\Nodes</Filter>
    </ClInclude>
    <ClInclude Include="..\..\src\nofCharburner.h">
      <Filter>Headerdateien\Game\Nodes</Filter>
    </ClInclude>
    <ClInclude Include="..\..\src\nofDefender.h">
      <Filter>Headerdateien\Game\Nodes</Filter>
    </ClInclude>
    <ClInclude Include="..\..\src\nofDonkeybreeder.h">
      <Filter>Headerdateien\Game\Nodes</Filter>
    </ClInclude>
    <ClInclude Include="..\..\src\nofFarmer.h">
      <Filter>Headerdateien\Game\Nodes</Filter>
    </ClInclude>
    <ClInclude Include="..\..\src\noTree.h">
      <Filter>Headerdateien\Game\Nodes</Filter>
    </ClInclude>
    <ClInclude Include="..\..\src\nofFarmhand.h">
      <Filter>Headerdateien\Game\Nodes</Filter>
    </ClInclude>
    <ClInclude Include="..\..\src\nofFisher.h">
      <Filter>Headerdateien\Game\Nodes</Filter>
    </ClInclude>
    <ClInclude Include="..\..\src\nofFlagWorker.h">
      <Filter>Headerdateien\Game\Nodes</Filter>
    </ClInclude>
    <ClInclude Include="..\..\src\nofForester.h">
      <Filter>Headerdateien\Game\Nodes</Filter>
    </ClInclude>
    <ClInclude Include="..\..\src\nofGeologist.h">
      <Filter>Headerdateien\Game\Nodes</Filter>
    </ClInclude>
    <ClInclude Include="..\..\src\nofHunter.h">
      <Filter>Headerdateien\Game\Nodes</Filter>
    </ClInclude>
    <ClInclude Include="..\..\src\noFighting.h">
      <Filter>Headerdateien\Game\Nodes</Filter>
    </ClInclude>
    <ClInclude Include="..\..\src\noFigure.h">
      <Filter>Headerdateien\Game\Nodes</Filter>
    </ClInclude>
    <ClInclude Include="..\..\src\noFire.h">
      <Filter>Headerdateien\Game\Nodes</Filter>
    </ClInclude>
    <ClInclude Include="..\..\src\nofIronfounder.h">
      <Filter>Headerdateien\Game\Nodes</Filter>
    </ClInclude>
    <ClInclude Include="..\..\src\noFlag.h">
      <Filter>Headerdateien\Game\Nodes</Filter>
    </ClInclude>
    <ClInclude Include="..\..\src\nofMetalworker.h">
      <Filter>Headerdateien\Game\Nodes</Filter>
    </ClInclude>
    <ClInclude Include="..\..\src\nofMiller.h">
      <Filter>Headerdateien\Game\Nodes</Filter>
    </ClInclude>
    <ClInclude Include="..\..\src\nofMiner.h">
      <Filter>Headerdateien\Game\Nodes</Filter>
    </ClInclude>
    <ClInclude Include="..\..\src\nofMinter.h">
      <Filter>Headerdateien\Game\Nodes</Filter>
    </ClInclude>
    <ClInclude Include="..\..\src\nofPassiveSoldier.h">
      <Filter>Headerdateien\Game\Nodes</Filter>
    </ClInclude>
    <ClInclude Include="..\..\src\nofPassiveWorker.h">
      <Filter>Headerdateien\Game\Nodes</Filter>
    </ClInclude>
    <ClInclude Include="..\..\src\nofPigbreeder.h">
      <Filter>Headerdateien\Game\Nodes</Filter>
    </ClInclude>
    <ClInclude Include="..\..\src\nofPlaner.h">
      <Filter>Headerdateien\Game\Nodes</Filter>
    </ClInclude>
    <ClInclude Include="..\..\src\nofScout_Free.h">
      <Filter>Headerdateien\Game\Nodes</Filter>
    </ClInclude>
    <ClInclude Include="..\..\src\nofScout_LookoutTower.h">
      <Filter>Headerdateien\Game\Nodes</Filter>
    </ClInclude>
    <ClInclude Include="..\..\src\nofShipWright.h">
      <Filter>Headerdateien\Game\Nodes</Filter>
    </ClInclude>
    <ClInclude Include="..\..\src\nofSoldier.h">
      <Filter>Headerdateien\Game\Nodes</Filter>
    </ClInclude>
    <ClInclude Include="..\..\src\nofStonemason.h">
      <Filter>Headerdateien\Game\Nodes</Filter>
    </ClInclude>
    <ClInclude Include="..\..\src\nofTradeDonkey.h">
      <Filter>Headerdateien\Game\Nodes</Filter>
    </ClInclude>
    <ClInclude Include="..\..\src\nofTradeLeader.h">
      <Filter>Headerdateien\Game\Nodes</Filter>
    </ClInclude>
    <ClInclude Include="..\..\src\nofWarehouseWorker.h">
      <Filter>Headerdateien\Game\Nodes</Filter>
    </ClInclude>
    <ClInclude Include="..\..\src\nofWellguy.h">
      <Filter>Headerdateien\Game\Nodes</Filter>
    </ClInclude>
    <ClInclude Include="..\..\src\nofWoodcutter.h">
      <Filter>Headerdateien\Game\Nodes</Filter>
    </ClInclude>
    <ClInclude Include="..\..\src\nofWorkman.h">
      <Filter>Headerdateien\Game\Nodes</Filter>
    </ClInclude>
    <ClInclude Include="..\..\src\noGrainfield.h">
      <Filter>Headerdateien\Game\Nodes</Filter>
    </ClInclude>
    <ClInclude Include="..\..\src\noGranite.h">
      <Filter>Headerdateien\Game\Nodes</Filter>
    </ClInclude>
    <ClInclude Include="..\..\src\noMovable.h">
      <Filter>Headerdateien\Game\Nodes</Filter>
    </ClInclude>
    <ClInclude Include="..\..\src\noNothing.h">
      <Filter>Headerdateien\Game\Nodes</Filter>
    </ClInclude>
    <ClInclude Include="..\..\src\noRoadNode.h">
      <Filter>Headerdateien\Game\Nodes</Filter>
    </ClInclude>
    <ClInclude Include="..\..\src\noShip.h">
      <Filter>Headerdateien\Game\Nodes</Filter>
    </ClInclude>
    <ClInclude Include="..\..\src\noShipBuildingSite.h">
      <Filter>Headerdateien\Game\Nodes</Filter>
    </ClInclude>
    <ClInclude Include="..\..\src\noSign.h">
      <Filter>Headerdateien\Game\Nodes</Filter>
    </ClInclude>
    <ClInclude Include="..\..\src\noSkeleton.h">
      <Filter>Headerdateien\Game\Nodes</Filter>
    </ClInclude>
    <ClInclude Include="..\..\src\noStaticObject.h">
      <Filter>Headerdateien\Game\Nodes</Filter>
    </ClInclude>
    <ClInclude Include="..\..\src\PointDistance.h">
      <Filter>Headerdateien\Game\Other</Filter>
    </ClInclude>
    <ClInclude Include="..\..\src\PostMsg.h">
      <Filter>Headerdateien\Game\Other</Filter>
    </ClInclude>
    <ClInclude Include="..\..\src\RoadSegment.h">
      <Filter>Headerdateien\Game\Other</Filter>
    </ClInclude>
    <ClInclude Include="..\..\src\SerializedGameData.h">
      <Filter>Headerdateien\Game\Other</Filter>
    </ClInclude>
    <ClInclude Include="..\..\src\TerrainRenderer.h">
      <Filter>Headerdateien\Loader</Filter>
    </ClInclude>
    <ClInclude Include="..\..\src\SoundManager.h">
      <Filter>Headerdateien\Loader</Filter>
    </ClInclude>
    <ClInclude Include="..\..\src\TradeGraph.h">
      <Filter>Headerdateien\Game\Other</Filter>
    </ClInclude>
    <ClInclude Include="..\..\src\TerritoryRegion.h">
      <Filter>Headerdateien\Game\Other</Filter>
    </ClInclude>
    <ClInclude Include="..\..\src\VideoDriverLoaderInterface.h">
      <Filter>Headerdateien\Loader\Driver</Filter>
    </ClInclude>
    <ClInclude Include="..\..\src\VideoDriverWrapper.h">
      <Filter>Headerdateien\Loader\Driver</Filter>
    </ClInclude>
    <ClInclude Include="..\..\src\Ware.h">
      <Filter>Headerdateien\Game\Other</Filter>
    </ClInclude>
    <ClInclude Include="..\resource.h">
      <Filter>Ressourcendateien</Filter>
    </ClInclude>
    <ClInclude Include="..\..\src\glSmartBitmap.h">
      <Filter>Headerdateien\Loader\libsiedler2</Filter>
    </ClInclude>
    <ClInclude Include="..\..\build_version.h">
      <Filter>Headerdateien\Common</Filter>
    </ClInclude>
    <ClInclude Include="..\..\src\GlobalVars.h">
      <Filter>Headerdateien\Common</Filter>
    </ClInclude>
    <ClInclude Include="..\..\src\languages.h">
      <Filter>Headerdateien\Common</Filter>
    </ClInclude>
    <ClInclude Include="..\..\src\list.h">
      <Filter>Headerdateien\Common</Filter>
    </ClInclude>
    <ClInclude Include="..\..\src\ListDir.h">
      <Filter>Headerdateien\Common</Filter>
    </ClInclude>
    <ClInclude Include="..\..\src\macros.h">
      <Filter>Headerdateien\Common</Filter>
    </ClInclude>
    <ClInclude Include="..\..\src\main.h">
      <Filter>Headerdateien\Common</Filter>
    </ClInclude>
    <ClInclude Include="..\..\src\Random.h">
      <Filter>Headerdateien\Common</Filter>
    </ClInclude>
    <ClInclude Include="..\..\src\Settings.h">
      <Filter>Headerdateien\Common</Filter>
    </ClInclude>
    <ClInclude Include="..\..\src\signale.h">
      <Filter>Headerdateien\Common</Filter>
    </ClInclude>
    <ClInclude Include="..\..\src\strlwr.h">
      <Filter>Headerdateien\Common</Filter>
    </ClInclude>
    <ClInclude Include="..\..\src\Swap.h">
      <Filter>Headerdateien\Common</Filter>
    </ClInclude>
    <ClInclude Include="..\..\src\win32_nanosleep.h">
      <Filter>Headerdateien\Common</Filter>
    </ClInclude>
    <ClInclude Include="..\..\src\Debug.h">
      <Filter>Headerdateien\Debug</Filter>
    </ClInclude>
    <ClInclude Include="..\..\src\AddonAdjustMilitaryStrength.h">
      <Filter>Headerdateien\Game\Addons</Filter>
    </ClInclude>
    <ClInclude Include="..\..\src\AddonAIDebugWindow.h">
      <Filter>Headerdateien\Game\Addons</Filter>
    </ClInclude>
    <ClInclude Include="..\..\src\AddonCatapultGraphics.h">
      <Filter>Headerdateien\Game\Addons</Filter>
    </ClInclude>
    <ClInclude Include="..\..\src\AddonChangeGoldDeposits.h">
      <Filter>Headerdateien\Game\Addons</Filter>
    </ClInclude>
    <ClInclude Include="..\..\src\AddonCharburner.h">
      <Filter>Headerdateien\Game\Addons</Filter>
    </ClInclude>
    <ClInclude Include="..\..\src\AddonCustomBuildSequence.h">
      <Filter>Headerdateien\Game\Addons</Filter>
    </ClInclude>
    <ClInclude Include="..\..\src\AddonDefenderBehavior.h">
      <Filter>Headerdateien\Game\Addons</Filter>
    </ClInclude>
    <ClInclude Include="..\..\src\AddonDemolitionProhibition.h">
      <Filter>Headerdateien\Game\Addons</Filter>
    </ClInclude>
    <ClInclude Include="..\..\src\AddonExhaustibleWells.h">
      <Filter>Headerdateien\Game\Addons</Filter>
    </ClInclude>
    <ClInclude Include="..\..\src\AddonInexhaustibleMines.h">
      <Filter>Headerdateien\Game\Addons</Filter>
    </ClInclude>
    <ClInclude Include="..\..\src\AddonLimitCatapults.h">
      <Filter>Headerdateien\Game\Addons</Filter>
    </ClInclude>
    <ClInclude Include="..\..\src\AddonManualRoadEnlargement.h">
      <Filter>Headerdateien\Game\Addons</Filter>
    </ClInclude>
    <ClInclude Include="..\..\src\AddonMaxWaterwayLength.h">
      <Filter>Headerdateien\Game\Addons</Filter>
    </ClInclude>
    <ClInclude Include="..\..\src\AddonNoCoinsDefault.h">
      <Filter>Headerdateien\Game\Addons</Filter>
    </ClInclude>
    <ClInclude Include="..\..\src\AddonRefundMaterials.h">
      <Filter>Headerdateien\Game\Addons</Filter>
    </ClInclude>
    <ClInclude Include="..\..\src\AddonRefundOnEmergency.h">
      <Filter>Headerdateien\Game\Addons</Filter>
    </ClInclude>
    <ClInclude Include="..\..\src\Addons.h">
      <Filter>Headerdateien\Game\Addons</Filter>
    </ClInclude>
    <ClInclude Include="..\..\src\AddonStatisticsVisibility.h">
      <Filter>Headerdateien\Game\Addons</Filter>
    </ClInclude>
    <ClInclude Include="..\..\src\AddonTrade.h">
      <Filter>Headerdateien\Game\Addons</Filter>
    </ClInclude>
    <ClInclude Include="..\..\src\const_addons.h">
      <Filter>Headerdateien\Game\Addons</Filter>
    </ClInclude>
    <ClInclude Include="..\..\src\AIBase.h">
      <Filter>Headerdateien\Game\AI</Filter>
    </ClInclude>
    <ClInclude Include="..\..\src\AIConstruction.h">
      <Filter>Headerdateien\Game\AI</Filter>
    </ClInclude>
    <ClInclude Include="..\..\src\AIEventManager.h">
      <Filter>Headerdateien\Game\AI</Filter>
    </ClInclude>
    <ClInclude Include="..\..\src\AIInterface.h">
      <Filter>Headerdateien\Game\AI</Filter>
    </ClInclude>
    <ClInclude Include="..\..\src\AIJHHelper.h">
      <Filter>Headerdateien\Game\AI</Filter>
    </ClInclude>
    <ClInclude Include="..\..\src\AIPlayer.h">
      <Filter>Headerdateien\Game\AI</Filter>
    </ClInclude>
    <ClInclude Include="..\..\src\AIPlayerJH.h">
      <Filter>Headerdateien\Game\AI</Filter>
    </ClInclude>
    <ClInclude Include="..\..\src\AIResourceMap.h">
      <Filter>Headerdateien\Game\AI</Filter>
    </ClInclude>
    <ClInclude Include="..\..\src\const_gui_ids.h">
      <Filter>Headerdateien\Game\GUI</Filter>
    </ClInclude>
    <ClInclude Include="..\..\src\customborderbuilder.h">
      <Filter>Headerdateien\Game\GUI</Filter>
    </ClInclude>
    <ClInclude Include="..\..\src\Desktop.h">
      <Filter>Headerdateien\Game\GUI</Filter>
    </ClInclude>
    <ClInclude Include="..\..\src\IngameWindow.h">
      <Filter>Headerdateien\Game\GUI</Filter>
    </ClInclude>
    <ClInclude Include="..\..\src\MouseAndKeys.h">
      <Filter>Headerdateien\Game\GUI</Filter>
    </ClInclude>
    <ClInclude Include="..\..\src\Msgbox.h">
      <Filter>Headerdateien\Game\GUI</Filter>
    </ClInclude>
    <ClInclude Include="..\..\src\MusicPlayer.h">
      <Filter>Headerdateien\Game\GUI</Filter>
    </ClInclude>
    <ClInclude Include="..\..\src\Window.h">
      <Filter>Headerdateien\Game\GUI</Filter>
    </ClInclude>
    <ClInclude Include="..\..\src\WindowManager.h">
      <Filter>Headerdateien\Game\GUI</Filter>
    </ClInclude>
    <ClInclude Include="..\..\src\AddonMilitaryAid.h">
      <Filter>Headerdateien</Filter>
    </ClInclude>
  </ItemGroup>
  <ItemGroup>
    <ClCompile Include="..\..\src\Addons.cpp">
      <Filter>Quelldateien\Game\Addons</Filter>
    </ClCompile>
    <ClCompile Include="..\..\src\AIConstruction.cpp">
      <Filter>Quelldateien\Game\AI</Filter>
    </ClCompile>
    <ClCompile Include="..\..\src\AIEventManager.cpp">
      <Filter>Quelldateien\Game\AI</Filter>
    </ClCompile>
    <ClCompile Include="..\..\src\AIInterface.cpp">
      <Filter>Quelldateien\Game\AI</Filter>
    </ClCompile>
    <ClCompile Include="..\..\src\AIJHHelper.cpp">
      <Filter>Quelldateien\Game\AI</Filter>
    </ClCompile>
    <ClCompile Include="..\..\src\AIPlayer.cpp">
      <Filter>Quelldateien\Game\AI</Filter>
    </ClCompile>
    <ClCompile Include="..\..\src\AIPlayerJH.cpp">
      <Filter>Quelldateien\Game\AI</Filter>
    </ClCompile>
    <ClCompile Include="..\..\src\AIResourceMap.cpp">
      <Filter>Quelldateien\Game\AI</Filter>
    </ClCompile>
    <ClCompile Include="..\..\src\AudioDriverWrapper.cpp">
      <Filter>Quelldateien\Loader\Driver</Filter>
    </ClCompile>
    <ClCompile Include="..\..\src\BurnedWarehouse.cpp">
      <Filter>Quelldateien\Game\Nodes</Filter>
    </ClCompile>
    <ClCompile Include="..\..\src\CatapultStone.cpp">
      <Filter>Quelldateien\Game\Nodes</Filter>
    </ClCompile>
    <ClCompile Include="..\..\src\ClientInterface.cpp">
      <Filter>Quelldateien\Game\Other</Filter>
    </ClCompile>
    <ClCompile Include="..\..\src\ctrlBuildingIcon.cpp">
      <Filter>Quelldateien\Game\GUI\controls</Filter>
    </ClCompile>
    <ClCompile Include="..\..\src\ctrlButton.cpp">
      <Filter>Quelldateien\Game\GUI\controls</Filter>
    </ClCompile>
    <ClCompile Include="..\..\src\ctrlChat.cpp">
      <Filter>Quelldateien\Game\GUI\controls</Filter>
    </ClCompile>
    <ClCompile Include="..\..\src\ctrlCheck.cpp">
      <Filter>Quelldateien\Game\GUI\controls</Filter>
    </ClCompile>
    <ClCompile Include="..\..\src\ctrlComboBox.cpp">
      <Filter>Quelldateien\Game\GUI\controls</Filter>
    </ClCompile>
    <ClCompile Include="..\..\src\ctrlDeepening.cpp">
      <Filter>Quelldateien\Game\GUI\controls</Filter>
    </ClCompile>
    <ClCompile Include="..\..\src\ctrlEdit.cpp">
      <Filter>Quelldateien\Game\GUI\controls</Filter>
    </ClCompile>
    <ClCompile Include="..\..\src\ctrlGroup.cpp">
      <Filter>Quelldateien\Game\GUI\controls</Filter>
    </ClCompile>
    <ClCompile Include="..\..\src\ctrlImage.cpp">
      <Filter>Quelldateien\Game\GUI\controls</Filter>
    </ClCompile>
    <ClCompile Include="..\..\src\ctrlIngameMinimap.cpp">
      <Filter>Quelldateien\Game\GUI\controls</Filter>
    </ClCompile>
    <ClCompile Include="..\..\src\ctrlList.cpp">
      <Filter>Quelldateien\Game\GUI\controls</Filter>
    </ClCompile>
    <ClCompile Include="..\..\src\ctrlMinimap.cpp">
      <Filter>Quelldateien\Game\GUI\controls</Filter>
    </ClCompile>
    <ClCompile Include="..\..\src\ctrlMultiline.cpp">
      <Filter>Quelldateien\Game\GUI\controls</Filter>
    </ClCompile>
    <ClCompile Include="..\..\src\ctrlMultiSelectGroup.cpp">
      <Filter>Quelldateien\Game\GUI\controls</Filter>
    </ClCompile>
    <ClCompile Include="..\..\src\ctrlOptionGroup.cpp">
      <Filter>Quelldateien\Game\GUI\controls</Filter>
    </ClCompile>
    <ClCompile Include="..\..\src\ctrlPercent.cpp">
      <Filter>Quelldateien\Game\GUI\controls</Filter>
    </ClCompile>
    <ClCompile Include="..\..\src\ctrlPreviewMinimap.cpp">
      <Filter>Quelldateien\Game\GUI\controls</Filter>
    </ClCompile>
    <ClCompile Include="..\..\src\ctrlProgress.cpp">
      <Filter>Quelldateien\Game\GUI\controls</Filter>
    </ClCompile>
    <ClCompile Include="..\..\src\ctrlRectangle.cpp">
      <Filter>Quelldateien\Game\GUI\controls</Filter>
    </ClCompile>
    <ClCompile Include="..\..\src\ctrlScrollBar.cpp">
      <Filter>Quelldateien\Game\GUI\controls</Filter>
    </ClCompile>
    <ClCompile Include="..\..\src\ctrlTab.cpp">
      <Filter>Quelldateien\Game\GUI\controls</Filter>
    </ClCompile>
    <ClCompile Include="..\..\src\ctrlTable.cpp">
      <Filter>Quelldateien\Game\GUI\controls</Filter>
    </ClCompile>
    <ClCompile Include="..\..\src\ctrlText.cpp">
      <Filter>Quelldateien\Game\GUI\controls</Filter>
    </ClCompile>
    <ClCompile Include="..\..\src\ctrlTimer.cpp">
      <Filter>Quelldateien\Game\GUI\controls</Filter>
    </ClCompile>
    <ClCompile Include="..\..\src\ctrlVarDeepening.cpp">
      <Filter>Quelldateien\Game\GUI\controls</Filter>
    </ClCompile>
    <ClCompile Include="..\..\src\ctrlVarText.cpp">
      <Filter>Quelldateien\Game\GUI\controls</Filter>
    </ClCompile>
    <ClCompile Include="..\..\src\Desktop.cpp">
      <Filter>Quelldateien\Game\GUI</Filter>
    </ClCompile>
    <ClCompile Include="..\..\src\DriverWrapper.cpp">
      <Filter>Quelldateien\Loader\Driver</Filter>
    </ClCompile>
    <ClCompile Include="..\..\src\dskAboutRTTR.cpp">
      <Filter>Quelldateien\Game\GUI\desktops</Filter>
    </ClCompile>
    <ClCompile Include="..\..\src\dskCredits.cpp">
      <Filter>Quelldateien\Game\GUI\desktops</Filter>
    </ClCompile>
    <ClCompile Include="..\..\src\dskDirectIP.cpp">
      <Filter>Quelldateien\Game\GUI\desktops</Filter>
    </ClCompile>
    <ClCompile Include="..\..\src\dskGameInterface.cpp">
      <Filter>Quelldateien\Game\GUI\desktops</Filter>
    </ClCompile>
    <ClCompile Include="..\..\src\dskGameLoader.cpp">
      <Filter>Quelldateien\Game\GUI\desktops</Filter>
    </ClCompile>
    <ClCompile Include="..\..\src\dskHostGame.cpp">
      <Filter>Quelldateien\Game\GUI\desktops</Filter>
    </ClCompile>
    <ClCompile Include="..\..\src\dskIntro.cpp">
      <Filter>Quelldateien\Game\GUI\desktops</Filter>
    </ClCompile>
    <ClCompile Include="..\..\src\dskLobby.cpp">
      <Filter>Quelldateien\Game\GUI\desktops</Filter>
    </ClCompile>
    <ClCompile Include="..\..\src\dskMainMenu.cpp">
      <Filter>Quelldateien\Game\GUI\desktops</Filter>
    </ClCompile>
    <ClCompile Include="..\..\src\dskMultiPlayer.cpp">
      <Filter>Quelldateien\Game\GUI\desktops</Filter>
    </ClCompile>
    <ClCompile Include="..\..\src\dskOptions.cpp">
      <Filter>Quelldateien\Game\GUI\desktops</Filter>
    </ClCompile>
    <ClCompile Include="..\..\src\dskSelectMap.cpp">
      <Filter>Quelldateien\Game\GUI\desktops</Filter>
    </ClCompile>
    <ClCompile Include="..\..\src\dskSinglePlayer.cpp">
      <Filter>Quelldateien\Game\GUI\desktops</Filter>
    </ClCompile>
    <ClCompile Include="..\..\src\dskSplash.cpp">
      <Filter>Quelldateien\Game\GUI\desktops</Filter>
    </ClCompile>
    <ClCompile Include="..\..\src\ExtensionList.cpp">
      <Filter>Quelldateien\Loader\Driver</Filter>
    </ClCompile>
    <ClCompile Include="..\..\src\GameClientCommands.cpp">
      <Filter>Quelldateien\Game\Other</Filter>
    </ClCompile>
    <ClCompile Include="..\..\src\GameClientGF_Game.cpp">
      <Filter>Quelldateien\Game\Other</Filter>
    </ClCompile>
    <ClCompile Include="..\..\src\GameClientGF_Replay.cpp">
      <Filter>Quelldateien\Game\Other</Filter>
    </ClCompile>
    <ClCompile Include="..\..\src\GameClientPlayer.cpp">
      <Filter>Quelldateien\Game\Other</Filter>
    </ClCompile>
    <ClCompile Include="..\..\src\GameClient.cpp">
      <Filter>Quelldateien\Game\Other</Filter>
    </ClCompile>
    <ClCompile Include="..\..\src\glAllocator.cpp">
      <Filter>Quelldateien\Loader\libsiedler2</Filter>
    </ClCompile>
    <ClCompile Include="..\..\src\glArchivItem_Bitmap.cpp">
      <Filter>Quelldateien\Loader\libsiedler2</Filter>
    </ClCompile>
    <ClCompile Include="..\..\src\glArchivItem_Bitmap_Direct.cpp">
      <Filter>Quelldateien\Loader\libsiedler2</Filter>
    </ClCompile>
    <ClCompile Include="..\..\src\glArchivItem_Bitmap_Player.cpp">
      <Filter>Quelldateien\Loader\libsiedler2</Filter>
    </ClCompile>
    <ClCompile Include="..\..\src\glArchivItem_Bitmap_Raw.cpp">
      <Filter>Quelldateien\Loader\libsiedler2</Filter>
    </ClCompile>
    <ClCompile Include="..\..\src\glArchivItem_Bitmap_RLE.cpp">
      <Filter>Quelldateien\Loader\libsiedler2</Filter>
    </ClCompile>
    <ClCompile Include="..\..\src\glArchivItem_Bitmap_Shadow.cpp">
      <Filter>Quelldateien\Loader\libsiedler2</Filter>
    </ClCompile>
    <ClCompile Include="..\..\src\glArchivItem_Bob.cpp">
      <Filter>Quelldateien\Loader\libsiedler2</Filter>
    </ClCompile>
    <ClCompile Include="..\..\src\glArchivItem_Font.cpp">
      <Filter>Quelldateien\Loader\libsiedler2</Filter>
    </ClCompile>
    <ClCompile Include="..\..\src\glArchivItem_Map.cpp">
      <Filter>Quelldateien\Loader\libsiedler2</Filter>
    </ClCompile>
    <ClCompile Include="..\..\src\glArchivItem_Music.cpp">
      <Filter>Quelldateien\Loader\libsiedler2</Filter>
    </ClCompile>
    <ClCompile Include="..\..\src\glArchivItem_Sound.cpp">
      <Filter>Quelldateien\Loader\libsiedler2</Filter>
    </ClCompile>
    <ClCompile Include="..\..\src\glArchivItem_Sound_Midi.cpp">
      <Filter>Quelldateien\Loader\libsiedler2</Filter>
    </ClCompile>
    <ClCompile Include="..\..\src\glArchivItem_Sound_Other.cpp">
      <Filter>Quelldateien\Loader\libsiedler2</Filter>
    </ClCompile>
    <ClCompile Include="..\..\src\glArchivItem_Sound_Wave.cpp">
      <Filter>Quelldateien\Loader\libsiedler2</Filter>
    </ClCompile>
    <ClCompile Include="..\..\src\glArchivItem_Sound_XMidi.cpp">
      <Filter>Quelldateien\Loader\libsiedler2</Filter>
    </ClCompile>
    <ClCompile Include="..\..\src\customborderbuilder.cpp">
      <Filter>Quelldateien\Game\GUI</Filter>
    </ClCompile>
    <ClCompile Include="..\..\src\GameCommands.cpp">
      <Filter>Quelldateien\Game\Other</Filter>
    </ClCompile>
    <ClCompile Include="..\..\src\GameManager.cpp">
      <Filter>Quelldateien\Game\Other</Filter>
    </ClCompile>
    <ClCompile Include="..\..\src\GameMessage.cpp">
      <Filter>Quelldateien\Game\Other</Filter>
    </ClCompile>
    <ClCompile Include="..\..\src\GameMessageInterface.cpp">
      <Filter>Quelldateien\Game\Other</Filter>
    </ClCompile>
    <ClCompile Include="..\..\src\GameMessages.cpp">
      <Filter>Quelldateien\Game\Other</Filter>
    </ClCompile>
    <ClCompile Include="..\..\src\GameObject.cpp">
      <Filter>Quelldateien\Game\Other</Filter>
    </ClCompile>
    <ClCompile Include="..\..\src\GamePlayerInfo.cpp">
      <Filter>Quelldateien\Game\Other</Filter>
    </ClCompile>
    <ClCompile Include="..\..\src\GamePlayerList.cpp">
      <Filter>Quelldateien\Game\Other</Filter>
    </ClCompile>
    <ClCompile Include="..\..\src\GameReplay.cpp">
      <Filter>Quelldateien\Game\Other</Filter>
    </ClCompile>
    <ClCompile Include="..\..\src\iwAction.cpp">
      <Filter>Quelldateien\Game\GUI\windows</Filter>
    </ClCompile>
    <ClCompile Include="..\..\src\iwAddons.cpp">
      <Filter>Quelldateien\Game\GUI\windows</Filter>
    </ClCompile>
    <ClCompile Include="..\..\src\iwAIDebug.cpp">
      <Filter>Quelldateien\Game\GUI\windows</Filter>
    </ClCompile>
    <ClCompile Include="..\..\src\iwBaseWarehouse.cpp">
      <Filter>Quelldateien\Game\GUI\windows</Filter>
    </ClCompile>
    <ClCompile Include="..\..\src\iwBuilding.cpp">
      <Filter>Quelldateien\Game\GUI\windows</Filter>
    </ClCompile>
    <ClCompile Include="..\..\src\iwBuildingProductivities.cpp">
      <Filter>Quelldateien\Game\GUI\windows</Filter>
    </ClCompile>
    <ClCompile Include="..\..\src\iwBuildings.cpp">
      <Filter>Quelldateien\Game\GUI\windows</Filter>
    </ClCompile>
    <ClCompile Include="..\..\src\iwBuildingSite.cpp">
      <Filter>Quelldateien\Game\GUI\windows</Filter>
    </ClCompile>
    <ClCompile Include="..\..\src\iwBuildOrder.cpp">
      <Filter>Quelldateien\Game\GUI\windows</Filter>
    </ClCompile>
    <ClCompile Include="..\..\src\iwChat.cpp">
      <Filter>Quelldateien\Game\GUI\windows</Filter>
    </ClCompile>
    <ClCompile Include="..\..\src\iwDemolishBuilding.cpp">
      <Filter>Quelldateien\Game\GUI\windows</Filter>
    </ClCompile>
    <ClCompile Include="..\..\src\iwDiplomacy.cpp">
      <Filter>Quelldateien\Game\GUI\windows</Filter>
    </ClCompile>
    <ClCompile Include="..\..\src\iwDirectIPConnect.cpp">
      <Filter>Quelldateien\Game\GUI\windows</Filter>
    </ClCompile>
    <ClCompile Include="..\..\src\iwDirectIPCreate.cpp">
      <Filter>Quelldateien\Game\GUI\windows</Filter>
    </ClCompile>
    <ClCompile Include="..\..\src\iwDistribution.cpp">
      <Filter>Quelldateien\Game\GUI\windows</Filter>
    </ClCompile>
    <ClCompile Include="..\..\src\iwEndgame.cpp">
      <Filter>Quelldateien\Game\GUI\windows</Filter>
    </ClCompile>
    <ClCompile Include="..\..\src\iwHarborBuilding.cpp">
      <Filter>Quelldateien\Game\GUI\windows</Filter>
    </ClCompile>
    <ClCompile Include="..\..\src\iwHelp.cpp">
      <Filter>Quelldateien\Game\GUI\windows</Filter>
    </ClCompile>
    <ClCompile Include="..\..\src\iwHQ.cpp">
      <Filter>Quelldateien\Game\GUI\windows</Filter>
    </ClCompile>
    <ClCompile Include="..\..\src\iwInventory.cpp">
      <Filter>Quelldateien\Game\GUI\windows</Filter>
    </ClCompile>
    <ClCompile Include="..\..\src\iwLobbyConnect.cpp">
      <Filter>Quelldateien\Game\GUI\windows</Filter>
    </ClCompile>
    <ClCompile Include="..\..\src\iwLobbyRanking.cpp">
      <Filter>Quelldateien\Game\GUI\windows</Filter>
    </ClCompile>
    <ClCompile Include="..\..\src\iwLobbyServerInfo.cpp">
      <Filter>Quelldateien\Game\GUI\windows</Filter>
    </ClCompile>
    <ClCompile Include="..\..\src\iwMainMenu.cpp">
      <Filter>Quelldateien\Game\GUI\windows</Filter>
    </ClCompile>
    <ClCompile Include="..\..\src\iwMerchandiseStatistics.cpp">
      <Filter>Quelldateien\Game\GUI\windows</Filter>
    </ClCompile>
    <ClCompile Include="..\..\src\iwMilitary.cpp">
      <Filter>Quelldateien\Game\GUI\windows</Filter>
    </ClCompile>
    <ClCompile Include="..\..\src\iwMilitaryBuilding.cpp">
      <Filter>Quelldateien\Game\GUI\windows</Filter>
    </ClCompile>
    <ClCompile Include="..\..\src\iwMinimap.cpp">
      <Filter>Quelldateien\Game\GUI\windows</Filter>
    </ClCompile>
    <ClCompile Include="..\..\src\iwMsgbox.cpp">
      <Filter>Quelldateien\Game\GUI\windows</Filter>
    </ClCompile>
    <ClCompile Include="..\..\src\iwMusicPlayer.cpp">
      <Filter>Quelldateien\Game\GUI\windows</Filter>
    </ClCompile>
    <ClCompile Include="..\..\src\iwObservate.cpp">
      <Filter>Quelldateien\Game\GUI\windows</Filter>
    </ClCompile>
    <ClCompile Include="..\..\src\iwOptionsWindow.cpp">
      <Filter>Quelldateien\Game\GUI\windows</Filter>
    </ClCompile>
    <ClCompile Include="..\..\src\iwPlayReplay.cpp">
      <Filter>Quelldateien\Game\GUI\windows</Filter>
    </ClCompile>
    <ClCompile Include="..\..\src\iwPleaseWait.cpp">
      <Filter>Quelldateien\Game\GUI\windows</Filter>
    </ClCompile>
    <ClCompile Include="..\..\src\iwPostWindow.cpp">
      <Filter>Quelldateien\Game\GUI\windows</Filter>
    </ClCompile>
    <ClCompile Include="..\..\src\iwRoadWindow.cpp">
      <Filter>Quelldateien\Game\GUI\windows</Filter>
    </ClCompile>
    <ClCompile Include="..\..\src\iwSave.cpp">
      <Filter>Quelldateien\Game\GUI\windows</Filter>
    </ClCompile>
    <ClCompile Include="..\..\src\iwSettings.cpp">
      <Filter>Quelldateien\Game\GUI\windows</Filter>
    </ClCompile>
    <ClCompile Include="..\..\src\iwShip.cpp">
      <Filter>Quelldateien\Game\GUI\windows</Filter>
    </ClCompile>
    <ClCompile Include="..\..\src\iwSkipGFs.cpp">
      <Filter>Quelldateien\Game\GUI\windows</Filter>
    </ClCompile>
    <ClCompile Include="..\..\src\iwStatistics.cpp">
      <Filter>Quelldateien\Game\GUI\windows</Filter>
    </ClCompile>
    <ClCompile Include="..\..\src\iwStorehouse.cpp">
      <Filter>Quelldateien\Game\GUI\windows</Filter>
    </ClCompile>
    <ClCompile Include="..\..\src\iwSurrender.cpp">
      <Filter>Quelldateien\Game\GUI\windows</Filter>
    </ClCompile>
    <ClCompile Include="..\..\src\iwTextfile.cpp">
      <Filter>Quelldateien\Game\GUI\windows</Filter>
    </ClCompile>
    <ClCompile Include="..\..\src\iwTools.cpp">
      <Filter>Quelldateien\Game\GUI\windows</Filter>
    </ClCompile>
    <ClCompile Include="..\..\src\iwTrade.cpp">
      <Filter>Quelldateien\Game\GUI\windows</Filter>
    </ClCompile>
    <ClCompile Include="..\..\src\iwTransport.cpp">
      <Filter>Quelldateien\Game\GUI\windows</Filter>
    </ClCompile>
    <ClCompile Include="..\..\src\iwWares.cpp">
      <Filter>Quelldateien\Game\GUI\windows</Filter>
    </ClCompile>
    <ClCompile Include="..\..\src\IngameWindow.cpp">
      <Filter>Quelldateien\Game\GUI</Filter>
    </ClCompile>
    <ClCompile Include="..\..\src\EventManager.cpp">
      <Filter>Quelldateien\Game\Other</Filter>
    </ClCompile>
    <ClCompile Include="..\..\src\FileChecksum.cpp">
      <Filter>Quelldateien\Game\Other</Filter>
    </ClCompile>
    <ClCompile Include="..\..\src\FOWObjects.cpp">
      <Filter>Quelldateien\Game\Other</Filter>
    </ClCompile>
    <ClCompile Include="..\..\src\GameSavedFile.cpp">
      <Filter>Quelldateien\Game\Other</Filter>
    </ClCompile>
    <ClCompile Include="..\..\src\GameSavegame.cpp">
      <Filter>Quelldateien\Game\Other</Filter>
    </ClCompile>
    <ClCompile Include="..\..\src\GameServer.cpp">
      <Filter>Quelldateien\Game\Other</Filter>
    </ClCompile>
    <ClCompile Include="..\..\src\GameServerPlayer.cpp">
      <Filter>Quelldateien\Game\Other</Filter>
    </ClCompile>
    <ClCompile Include="..\..\src\GameWorld.cpp">
      <Filter>Quelldateien\Game\Other</Filter>
    </ClCompile>
    <ClCompile Include="..\..\src\GameWorldBase.cpp">
      <Filter>Quelldateien\Game\Other</Filter>
    </ClCompile>
    <ClCompile Include="..\..\src\GameWorldGame.cpp">
      <Filter>Quelldateien\Game\Other</Filter>
    </ClCompile>
    <ClCompile Include="..\..\src\GameWorldView.cpp">
      <Filter>Quelldateien\Game\Other</Filter>
    </ClCompile>
    <ClCompile Include="..\..\src\GameWorldViewer.cpp">
      <Filter>Quelldateien\Game\Other</Filter>
    </ClCompile>
    <ClCompile Include="..\..\src\GlobalGameSettings.cpp">
      <Filter>Quelldateien\Game\Other</Filter>
    </ClCompile>
    <ClCompile Include="..\..\src\GlobalVars.cpp">
      <Filter>Quelldateien\Common</Filter>
    </ClCompile>
    <ClCompile Include="..\..\src\Loader.cpp">
      <Filter>Quelldateien\Loader</Filter>
    </ClCompile>
    <ClCompile Include="..\..\src\ListDir.cpp">
      <Filter>Quelldateien\Common</Filter>
    </ClCompile>
    <ClCompile Include="..\..\src\main.cpp">
      <Filter>Quelldateien\Common</Filter>
    </ClCompile>
    <ClCompile Include="..\..\src\languages.cpp">
      <Filter>Quelldateien\Common</Filter>
    </ClCompile>
    <ClCompile Include="..\..\src\CollisionDetection.cpp">
      <Filter>Quelldateien\Game\Other</Filter>
    </ClCompile>
    <ClCompile Include="..\..\src\MapGeometry.cpp">
      <Filter>Quelldateien\Game\Other</Filter>
    </ClCompile>
    <ClCompile Include="..\..\src\Messenger.cpp">
      <Filter>Quelldateien\Game\Other</Filter>
    </ClCompile>
    <ClCompile Include="..\..\src\Minimap.cpp">
      <Filter>Quelldateien\Game\Other</Filter>
    </ClCompile>
    <ClCompile Include="..\..\src\noAnimal.cpp">
      <Filter>Quelldateien\Game\Nodes</Filter>
    </ClCompile>
    <ClCompile Include="..\..\src\noBase.cpp">
      <Filter>Quelldateien\Game\Nodes</Filter>
    </ClCompile>
    <ClCompile Include="..\..\src\noBaseBuilding.cpp">
      <Filter>Quelldateien\Game\Nodes</Filter>
    </ClCompile>
    <ClCompile Include="..\..\src\nobBaseMilitary.cpp">
      <Filter>Quelldateien\Game\Nodes</Filter>
    </ClCompile>
    <ClCompile Include="..\..\src\nobBaseWarehouse.cpp">
      <Filter>Quelldateien\Game\Nodes</Filter>
    </ClCompile>
    <ClCompile Include="..\..\src\nobHarborBuilding.cpp">
      <Filter>Quelldateien\Game\Nodes</Filter>
    </ClCompile>
    <ClCompile Include="..\..\src\nobHQ.cpp">
      <Filter>Quelldateien\Game\Nodes</Filter>
    </ClCompile>
    <ClCompile Include="..\..\src\nobMilitary.cpp">
      <Filter>Quelldateien\Game\Nodes</Filter>
    </ClCompile>
    <ClCompile Include="..\..\src\nobShipYard.cpp">
      <Filter>Quelldateien\Game\Nodes</Filter>
    </ClCompile>
    <ClCompile Include="..\..\src\nobStorehouse.cpp">
      <Filter>Quelldateien\Game\Nodes</Filter>
    </ClCompile>
    <ClCompile Include="..\..\src\noBuilding.cpp">
      <Filter>Quelldateien\Game\Nodes</Filter>
    </ClCompile>
    <ClCompile Include="..\..\src\noBuildingSite.cpp">
      <Filter>Quelldateien\Game\Nodes</Filter>
    </ClCompile>
    <ClCompile Include="..\..\src\nobUsual.cpp">
      <Filter>Quelldateien\Game\Nodes</Filter>
    </ClCompile>
    <ClCompile Include="..\..\src\noCharburnerPile.cpp">
      <Filter>Quelldateien\Game\Nodes</Filter>
    </ClCompile>
    <ClCompile Include="..\..\src\noCoordBase.cpp">
      <Filter>Quelldateien\Game\Nodes</Filter>
    </ClCompile>
    <ClCompile Include="..\..\src\noDisappearingEnvObject.cpp">
      <Filter>Quelldateien\Game\Nodes</Filter>
    </ClCompile>
    <ClCompile Include="..\..\src\noDisappearingMapEnvObject.cpp">
      <Filter>Quelldateien\Game\Nodes</Filter>
    </ClCompile>
    <ClCompile Include="..\..\src\nofFarmer.cpp">
      <Filter>Quelldateien\Game\Nodes</Filter>
    </ClCompile>
    <ClCompile Include="..\..\src\noEnvObject.cpp">
      <Filter>Quelldateien\Game\Nodes</Filter>
    </ClCompile>
    <ClCompile Include="..\..\src\noExtension.cpp">
      <Filter>Quelldateien\Game\Nodes</Filter>
    </ClCompile>
    <ClCompile Include="..\..\src\nofActiveSoldier.cpp">
      <Filter>Quelldateien\Game\Nodes</Filter>
    </ClCompile>
    <ClCompile Include="..\..\src\nofAggressiveDefender.cpp">
      <Filter>Quelldateien\Game\Nodes</Filter>
    </ClCompile>
    <ClCompile Include="..\..\src\nofArmorer.cpp">
      <Filter>Quelldateien\Game\Nodes</Filter>
    </ClCompile>
    <ClCompile Include="..\..\src\nofAttacker.cpp">
      <Filter>Quelldateien\Game\Nodes</Filter>
    </ClCompile>
    <ClCompile Include="..\..\src\nofBaker.cpp">
      <Filter>Quelldateien\Game\Nodes</Filter>
    </ClCompile>
    <ClCompile Include="..\..\src\nofBrewer.cpp">
      <Filter>Quelldateien\Game\Nodes</Filter>
    </ClCompile>
    <ClCompile Include="..\..\src\nofBuilder.cpp">
      <Filter>Quelldateien\Game\Nodes</Filter>
    </ClCompile>
    <ClCompile Include="..\..\src\nofBuildingWorker.cpp">
      <Filter>Quelldateien\Game\Nodes</Filter>
    </ClCompile>
    <ClCompile Include="..\..\src\nofButcher.cpp">
      <Filter>Quelldateien\Game\Nodes</Filter>
    </ClCompile>
    <ClCompile Include="..\..\src\nofCarpenter.cpp">
      <Filter>Quelldateien\Game\Nodes</Filter>
    </ClCompile>
    <ClCompile Include="..\..\src\nofCarrier.cpp">
      <Filter>Quelldateien\Game\Nodes</Filter>
    </ClCompile>
    <ClCompile Include="..\..\src\nofCatapultMan.cpp">
      <Filter>Quelldateien\Game\Nodes</Filter>
    </ClCompile>
    <ClCompile Include="..\..\src\nofCharburner.cpp">
      <Filter>Quelldateien\Game\Nodes</Filter>
    </ClCompile>
    <ClCompile Include="..\..\src\nofDefender.cpp">
      <Filter>Quelldateien\Game\Nodes</Filter>
    </ClCompile>
    <ClCompile Include="..\..\src\nofDonkeybreeder.cpp">
      <Filter>Quelldateien\Game\Nodes</Filter>
    </ClCompile>
    <ClCompile Include="..\..\src\MusicPlayer.cpp">
      <Filter>Quelldateien\Game\GUI</Filter>
    </ClCompile>
    <ClCompile Include="..\..\src\nofFarmhand.cpp">
      <Filter>Quelldateien\Game\Nodes</Filter>
    </ClCompile>
    <ClCompile Include="..\..\src\nofFisher.cpp">
      <Filter>Quelldateien\Game\Nodes</Filter>
    </ClCompile>
    <ClCompile Include="..\..\src\nofFlagWorker.cpp">
      <Filter>Quelldateien\Game\Nodes</Filter>
    </ClCompile>
    <ClCompile Include="..\..\src\nofForester.cpp">
      <Filter>Quelldateien\Game\Nodes</Filter>
    </ClCompile>
    <ClCompile Include="..\..\src\nofGeologist.cpp">
      <Filter>Quelldateien\Game\Nodes</Filter>
    </ClCompile>
    <ClCompile Include="..\..\src\nofHunter.cpp">
      <Filter>Quelldateien\Game\Nodes</Filter>
    </ClCompile>
    <ClCompile Include="..\..\src\noFighting.cpp">
      <Filter>Quelldateien\Game\Nodes</Filter>
    </ClCompile>
    <ClCompile Include="..\..\src\noFigure.cpp">
      <Filter>Quelldateien\Game\Nodes</Filter>
    </ClCompile>
    <ClCompile Include="..\..\src\noFire.cpp">
      <Filter>Quelldateien\Game\Nodes</Filter>
    </ClCompile>
    <ClCompile Include="..\..\src\nofIronfounder.cpp">
      <Filter>Quelldateien\Game\Nodes</Filter>
    </ClCompile>
    <ClCompile Include="..\..\src\noFlag.cpp">
      <Filter>Quelldateien\Game\Nodes</Filter>
    </ClCompile>
    <ClCompile Include="..\..\src\nofMetalworker.cpp">
      <Filter>Quelldateien\Game\Nodes</Filter>
    </ClCompile>
    <ClCompile Include="..\..\src\nofMiller.cpp">
      <Filter>Quelldateien\Game\Nodes</Filter>
    </ClCompile>
    <ClCompile Include="..\..\src\nofMiner.cpp">
      <Filter>Quelldateien\Game\Nodes</Filter>
    </ClCompile>
    <ClCompile Include="..\..\src\nofMinter.cpp">
      <Filter>Quelldateien\Game\Nodes</Filter>
    </ClCompile>
    <ClCompile Include="..\..\src\nofPassiveSoldier.cpp">
      <Filter>Quelldateien\Game\Nodes</Filter>
    </ClCompile>
    <ClCompile Include="..\..\src\nofPassiveWorker.cpp">
      <Filter>Quelldateien\Game\Nodes</Filter>
    </ClCompile>
    <ClCompile Include="..\..\src\nofPigbreeder.cpp">
      <Filter>Quelldateien\Game\Nodes</Filter>
    </ClCompile>
    <ClCompile Include="..\..\src\nofPlaner.cpp">
      <Filter>Quelldateien\Game\Nodes</Filter>
    </ClCompile>
    <ClCompile Include="..\..\src\nofScout_Free.cpp">
      <Filter>Quelldateien\Game\Nodes</Filter>
    </ClCompile>
    <ClCompile Include="..\..\src\nofScout_LookoutTower.cpp">
      <Filter>Quelldateien\Game\Nodes</Filter>
    </ClCompile>
    <ClCompile Include="..\..\src\nofShipWright.cpp">
      <Filter>Quelldateien\Game\Nodes</Filter>
    </ClCompile>
    <ClCompile Include="..\..\src\nofSoldier.cpp">
      <Filter>Quelldateien\Game\Nodes</Filter>
    </ClCompile>
    <ClCompile Include="..\..\src\nofStonemason.cpp">
      <Filter>Quelldateien\Game\Nodes</Filter>
    </ClCompile>
    <ClCompile Include="..\..\src\nofTradeDonkey.cpp">
      <Filter>Quelldateien\Game\Nodes</Filter>
    </ClCompile>
    <ClCompile Include="..\..\src\nofTradeLeader.cpp">
      <Filter>Quelldateien\Game\Nodes</Filter>
    </ClCompile>
    <ClCompile Include="..\..\src\nofWarehouseWorker.cpp">
      <Filter>Quelldateien\Game\Nodes</Filter>
    </ClCompile>
    <ClCompile Include="..\..\src\nofWellguy.cpp">
      <Filter>Quelldateien\Game\Nodes</Filter>
    </ClCompile>
    <ClCompile Include="..\..\src\nofWoodcutter.cpp">
      <Filter>Quelldateien\Game\Nodes</Filter>
    </ClCompile>
    <ClCompile Include="..\..\src\nofWorkman.cpp">
      <Filter>Quelldateien\Game\Nodes</Filter>
    </ClCompile>
    <ClCompile Include="..\..\src\noGrainfield.cpp">
      <Filter>Quelldateien\Game\Nodes</Filter>
    </ClCompile>
    <ClCompile Include="..\..\src\noGranite.cpp">
      <Filter>Quelldateien\Game\Nodes</Filter>
    </ClCompile>
    <ClCompile Include="..\..\src\noMovable.cpp">
      <Filter>Quelldateien\Game\Nodes</Filter>
    </ClCompile>
    <ClCompile Include="..\..\src\noNothing.cpp">
      <Filter>Quelldateien\Game\Nodes</Filter>
    </ClCompile>
    <ClCompile Include="..\..\src\noRoadNode.cpp">
      <Filter>Quelldateien\Game\Nodes</Filter>
    </ClCompile>
    <ClCompile Include="..\..\src\noShip.cpp">
      <Filter>Quelldateien\Game\Nodes</Filter>
    </ClCompile>
    <ClCompile Include="..\..\src\noShipBuildingSite.cpp">
      <Filter>Quelldateien\Game\Nodes</Filter>
    </ClCompile>
    <ClCompile Include="..\..\src\noSign.cpp">
      <Filter>Quelldateien\Game\Nodes</Filter>
    </ClCompile>
    <ClCompile Include="..\..\src\noSkeleton.cpp">
      <Filter>Quelldateien\Game\Nodes</Filter>
    </ClCompile>
    <ClCompile Include="..\..\src\noStaticObject.cpp">
      <Filter>Quelldateien\Game\Nodes</Filter>
    </ClCompile>
    <ClCompile Include="..\..\src\noTree.cpp">
      <Filter>Quelldateien\Game\Nodes</Filter>
    </ClCompile>
    <ClCompile Include="..\..\src\Pathfinding.cpp">
      <Filter>Quelldateien\Game\Other</Filter>
    </ClCompile>
    <ClCompile Include="..\..\src\Random.cpp">
      <Filter>Quelldateien\Common</Filter>
    </ClCompile>
    <ClCompile Include="..\..\src\PostMsg.cpp">
      <Filter>Quelldateien\Game\Other</Filter>
    </ClCompile>
    <ClCompile Include="..\..\src\RoadSegment.cpp">
      <Filter>Quelldateien\Game\Other</Filter>
    </ClCompile>
    <ClCompile Include="..\..\src\SerializedGameData.cpp">
      <Filter>Quelldateien\Game\Other</Filter>
    </ClCompile>
    <ClCompile Include="..\..\src\Settings.cpp">
      <Filter>Quelldateien\Common</Filter>
    </ClCompile>
    <ClCompile Include="..\..\src\signale.cpp">
      <Filter>Quelldateien\Common</Filter>
    </ClCompile>
    <ClCompile Include="..\..\src\TerrainRenderer.cpp">
      <Filter>Quelldateien\Loader</Filter>
    </ClCompile>
    <ClCompile Include="..\..\src\SoundManager.cpp">
      <Filter>Quelldateien\Loader</Filter>
    </ClCompile>
    <ClCompile Include="..\..\src\TerritoryRegion.cpp">
      <Filter>Quelldateien\Game\Other</Filter>
    </ClCompile>
    <ClCompile Include="..\..\src\TradeGraph.cpp">
      <Filter>Quelldateien\Game\Other</Filter>
    </ClCompile>
    <ClCompile Include="..\..\src\Window.cpp">
      <Filter>Quelldateien\Game\GUI</Filter>
    </ClCompile>
    <ClCompile Include="..\..\src\win32_nanosleep.cpp">
      <Filter>Quelldateien\Common</Filter>
    </ClCompile>
    <ClCompile Include="..\..\src\VideoDriverWrapper.cpp">
      <Filter>Quelldateien\Loader\Driver</Filter>
    </ClCompile>
    <ClCompile Include="..\..\src\Ware.cpp">
      <Filter>Quelldateien\Game\Other</Filter>
    </ClCompile>
    <ClCompile Include="..\..\src\WindowManager.cpp">
      <Filter>Quelldateien\Game\GUI</Filter>
    </ClCompile>
    <ClCompile Include="..\..\build_version.cpp">
      <Filter>Quelldateien\Common</Filter>
    </ClCompile>
    <ClCompile Include="..\..\src\Debug.cpp">
      <Filter>Quelldateien\Debug</Filter>
    </ClCompile>
    <ClCompile Include="..\..\src\glSmartBitmap.cpp">
      <Filter>Quelldateien\Loader\libsiedler2</Filter>
    </ClCompile>
  </ItemGroup>
  <ItemGroup>
    <ResourceCompile Include="..\s25client.rc">
      <Filter>Ressourcendateien</Filter>
    </ResourceCompile>
  </ItemGroup>
  <ItemGroup>
    <None Include="..\s25client.ico">
      <Filter>Ressourcendateien</Filter>
    </None>
  </ItemGroup>
</Project>