
Microsoft Visual Studio Solution File, Format Version 12.00
# Visual Studio 2012
Project("{8BC9CEB8-8B4A-11D0-8D11-00A0C91BC942}") = "libsiedler2", "..\..\libsiedler2\win32\vs2012\libsiedler2.vcxproj", "{C83446CC-0FF8-4C4A-A1B7-C77E038F62E8}"
EndProject
Project("{8BC9CEB8-8B4A-11D0-8D11-00A0C91BC942}") = "s25client", "s25client.vcxproj", "{B42E552A-1422-446A-96F9-0D649B078DCB}"
	ProjectSection(ProjectDependencies) = postProject
		{DB36C30F-F1D4-4639-9965-365F76D48488} = {DB36C30F-F1D4-4639-9965-365F76D48488}
		{C757122F-B02F-43D6-8607-B6A683566A2C} = {C757122F-B02F-43D6-8607-B6A683566A2C}
		{82550E90-5270-4BB7-B598-A3E65F654289} = {82550E90-5270-4BB7-B598-A3E65F654289}
		{D3091697-933A-4473-AA94-D264CBB2C273} = {D3091697-933A-4473-AA94-D264CBB2C273}
		{8216129F-D4E9-4720-84D6-156555D6BCF7} = {8216129F-D4E9-4720-84D6-156555D6BCF7}
		{3846E8B9-88FB-4382-82CB-6BE739B63544} = {3846E8B9-88FB-4382-82CB-6BE739B63544}
		{7EFF02CB-F412-4DB0-966C-4DB7464EC1D7} = {7EFF02CB-F412-4DB0-966C-4DB7464EC1D7}
		{C83446CC-0FF8-4C4A-A1B7-C77E038F62E8} = {C83446CC-0FF8-4C4A-A1B7-C77E038F62E8}
		{B1D788CC-2348-4A61-B275-DBBC37A4D7D1} = {B1D788CC-2348-4A61-B275-DBBC37A4D7D1}
		{E7A063E4-0030-4B82-8553-0E665EC38954} = {E7A063E4-0030-4B82-8553-0E665EC38954}
		{BED59EEF-E62E-488D-9F62-5FA112523A1B} = {BED59EEF-E62E-488D-9F62-5FA112523A1B}
		{670970FB-E516-416C-9A75-85BBB4F22B38} = {670970FB-E516-416C-9A75-85BBB4F22B38}
	EndProjectSection
EndProject
Project("{8BC9CEB8-8B4A-11D0-8D11-00A0C91BC942}") = "mygettext", "..\..\mygettext\win32\vs2012\mygettext.vcxproj", "{82550E90-5270-4BB7-B598-A3E65F654289}"
EndProject
Project("{8BC9CEB8-8B4A-11D0-8D11-00A0C91BC942}") = "libutil", "..\..\libutil\win32\vs2012\libutil.vcxproj", "{C757122F-B02F-43D6-8607-B6A683566A2C}"
EndProject
Project("{8BC9CEB8-8B4A-11D0-8D11-00A0C91BC942}") = "liblobby_c", "..\..\liblobby\win32\vs2012\liblobby_c.vcxproj", "{E7A063E4-0030-4B82-8553-0E665EC38954}"
	ProjectSection(ProjectDependencies) = postProject
		{C757122F-B02F-43D6-8607-B6A683566A2C} = {C757122F-B02F-43D6-8607-B6A683566A2C}
		{82550E90-5270-4BB7-B598-A3E65F654289} = {82550E90-5270-4BB7-B598-A3E65F654289}
	EndProjectSection
EndProject
Project("{8BC9CEB8-8B4A-11D0-8D11-00A0C91BC942}") = "version", "..\..\version\win32\vs2012\version.vcxproj", "{BED59EEF-E62E-488D-9F62-5FA112523A1B}"
EndProject
Project("{8BC9CEB8-8B4A-11D0-8D11-00A0C91BC942}") = "prebuild-mutex", "..\prebuild-mutex\win32\vs2012\prebuild-mutex.vcxproj", "{D3091697-933A-4473-AA94-D264CBB2C273}"
EndProject
Project("{8BC9CEB8-8B4A-11D0-8D11-00A0C91BC942}") = "s25update", "..\..\s25update\win32\vs2012\s25update.vcxproj", "{C00BA80B-0562-4B13-A7CA-E301C15B1E19}"
EndProject
Project("{8BC9CEB8-8B4A-11D0-8D11-00A0C91BC942}") = "audio", "..\..\driver\win32\vs2012\audio.vcxproj", "{8216129F-D4E9-4720-84D6-156555D6BCF7}"
	ProjectSection(ProjectDependencies) = postProject
		{D3091697-933A-4473-AA94-D264CBB2C273} = {D3091697-933A-4473-AA94-D264CBB2C273}
		{BED59EEF-E62E-488D-9F62-5FA112523A1B} = {BED59EEF-E62E-488D-9F62-5FA112523A1B}
	EndProjectSection
EndProject
Project("{8BC9CEB8-8B4A-11D0-8D11-00A0C91BC942}") = "video", "..\..\driver\win32\vs2012\video.vcxproj", "{670970FB-E516-416C-9A75-85BBB4F22B38}"
	ProjectSection(ProjectDependencies) = postProject
		{D3091697-933A-4473-AA94-D264CBB2C273} = {D3091697-933A-4473-AA94-D264CBB2C273}
		{8216129F-D4E9-4720-84D6-156555D6BCF7} = {8216129F-D4E9-4720-84D6-156555D6BCF7}
		{BED59EEF-E62E-488D-9F62-5FA112523A1B} = {BED59EEF-E62E-488D-9F62-5FA112523A1B}
	EndProjectSection
EndProject
Project("{8BC9CEB8-8B4A-11D0-8D11-00A0C91BC942}") = "sound-convert", "..\..\s-c\win32\vs2012\sound-convert.vcxproj", "{B1D788CC-2348-4A61-B275-DBBC37A4D7D1}"
	ProjectSection(ProjectDependencies) = postProject
		{2C131B16-6FA4-4940-AE47-61F885320F4E} = {2C131B16-6FA4-4940-AE47-61F885320F4E}
		{C83446CC-0FF8-4C4A-A1B7-C77E038F62E8} = {C83446CC-0FF8-4C4A-A1B7-C77E038F62E8}
	EndProjectSection
EndProject
Project("{8BC9CEB8-8B4A-11D0-8D11-00A0C91BC942}") = "s-c_resample", "..\..\s-c\resample-1.8.1\win32\vs2012\s-c_resample.vcxproj", "{2C131B16-6FA4-4940-AE47-61F885320F4E}"
EndProject
Project("{8BC9CEB8-8B4A-11D0-8D11-00A0C91BC942}") = "videoWinAPI", "..\..\driver\video\WinAPI\win32\vs2012\videoWinAPI.vcxproj", "{3846E8B9-88FB-4382-82CB-6BE739B63544}"
	ProjectSection(ProjectDependencies) = postProject
		{670970FB-E516-416C-9A75-85BBB4F22B38} = {670970FB-E516-416C-9A75-85BBB4F22B38}
	EndProjectSection
EndProject
Project("{8BC9CEB8-8B4A-11D0-8D11-00A0C91BC942}") = "videoSDL", "..\..\driver\video\SDL\win32\vs2012\videoSDL.vcxproj", "{7EFF02CB-F412-4DB0-966C-4DB7464EC1D7}"
	ProjectSection(ProjectDependencies) = postProject
		{670970FB-E516-416C-9A75-85BBB4F22B38} = {670970FB-E516-416C-9A75-85BBB4F22B38}
	EndProjectSection
EndProject
Project("{8BC9CEB8-8B4A-11D0-8D11-00A0C91BC942}") = "audioSDL", "..\..\driver\audio\SDL\win32\vs2012\audioSDL.vcxproj", "{DB36C30F-F1D4-4639-9965-365F76D48488}"
	ProjectSection(ProjectDependencies) = postProject
		{8216129F-D4E9-4720-84D6-156555D6BCF7} = {8216129F-D4E9-4720-84D6-156555D6BCF7}
	EndProjectSection
EndProject
Project("{8BC9CEB8-8B4A-11D0-8D11-00A0C91BC942}") = "libendian", "..\..\libendian\win32\vs2012\libendian\libendian.vcxproj", "{60185982-A6D6-4C57-8D2B-9113FBFC0F02}"
EndProject
Global
	GlobalSection(SolutionConfigurationPlatforms) = preSolution
		Debug|Win32 = Debug|Win32
		Release|Win32 = Release|Win32
	EndGlobalSection
	GlobalSection(ProjectConfigurationPlatforms) = postSolution
		{C83446CC-0FF8-4C4A-A1B7-C77E038F62E8}.Debug|Win32.ActiveCfg = Debug|Win32
		{C83446CC-0FF8-4C4A-A1B7-C77E038F62E8}.Debug|Win32.Build.0 = Debug|Win32
		{C83446CC-0FF8-4C4A-A1B7-C77E038F62E8}.Release|Win32.ActiveCfg = Release|Win32
		{C83446CC-0FF8-4C4A-A1B7-C77E038F62E8}.Release|Win32.Build.0 = Release|Win32
		{B42E552A-1422-446A-96F9-0D649B078DCB}.Debug|Win32.ActiveCfg = Debug|Win32
		{B42E552A-1422-446A-96F9-0D649B078DCB}.Debug|Win32.Build.0 = Debug|Win32
		{B42E552A-1422-446A-96F9-0D649B078DCB}.Release|Win32.ActiveCfg = Release|Win32
		{B42E552A-1422-446A-96F9-0D649B078DCB}.Release|Win32.Build.0 = Release|Win32
		{82550E90-5270-4BB7-B598-A3E65F654289}.Debug|Win32.ActiveCfg = Debug|Win32
		{82550E90-5270-4BB7-B598-A3E65F654289}.Debug|Win32.Build.0 = Debug|Win32
		{82550E90-5270-4BB7-B598-A3E65F654289}.Release|Win32.ActiveCfg = Release|Win32
		{82550E90-5270-4BB7-B598-A3E65F654289}.Release|Win32.Build.0 = Release|Win32
		{C757122F-B02F-43D6-8607-B6A683566A2C}.Debug|Win32.ActiveCfg = Debug|Win32
		{C757122F-B02F-43D6-8607-B6A683566A2C}.Debug|Win32.Build.0 = Debug|Win32
		{C757122F-B02F-43D6-8607-B6A683566A2C}.Release|Win32.ActiveCfg = Release|Win32
		{C757122F-B02F-43D6-8607-B6A683566A2C}.Release|Win32.Build.0 = Release|Win32
		{E7A063E4-0030-4B82-8553-0E665EC38954}.Debug|Win32.ActiveCfg = Debug|Win32
		{E7A063E4-0030-4B82-8553-0E665EC38954}.Debug|Win32.Build.0 = Debug|Win32
		{E7A063E4-0030-4B82-8553-0E665EC38954}.Release|Win32.ActiveCfg = Release|Win32
		{E7A063E4-0030-4B82-8553-0E665EC38954}.Release|Win32.Build.0 = Release|Win32
		{BED59EEF-E62E-488D-9F62-5FA112523A1B}.Debug|Win32.ActiveCfg = Debug|Win32
		{BED59EEF-E62E-488D-9F62-5FA112523A1B}.Debug|Win32.Build.0 = Debug|Win32
		{BED59EEF-E62E-488D-9F62-5FA112523A1B}.Release|Win32.ActiveCfg = Release|Win32
		{BED59EEF-E62E-488D-9F62-5FA112523A1B}.Release|Win32.Build.0 = Release|Win32
		{D3091697-933A-4473-AA94-D264CBB2C273}.Debug|Win32.ActiveCfg = Debug|Win32
		{D3091697-933A-4473-AA94-D264CBB2C273}.Debug|Win32.Build.0 = Debug|Win32
		{D3091697-933A-4473-AA94-D264CBB2C273}.Release|Win32.ActiveCfg = Release|Win32
		{D3091697-933A-4473-AA94-D264CBB2C273}.Release|Win32.Build.0 = Release|Win32
		{C00BA80B-0562-4B13-A7CA-E301C15B1E19}.Debug|Win32.ActiveCfg = Debug|Win32
		{C00BA80B-0562-4B13-A7CA-E301C15B1E19}.Debug|Win32.Build.0 = Debug|Win32
		{C00BA80B-0562-4B13-A7CA-E301C15B1E19}.Release|Win32.ActiveCfg = Release|Win32
		{C00BA80B-0562-4B13-A7CA-E301C15B1E19}.Release|Win32.Build.0 = Release|Win32
		{8216129F-D4E9-4720-84D6-156555D6BCF7}.Debug|Win32.ActiveCfg = Debug|Win32
		{8216129F-D4E9-4720-84D6-156555D6BCF7}.Debug|Win32.Build.0 = Debug|Win32
		{8216129F-D4E9-4720-84D6-156555D6BCF7}.Release|Win32.ActiveCfg = Release|Win32
		{8216129F-D4E9-4720-84D6-156555D6BCF7}.Release|Win32.Build.0 = Release|Win32
		{670970FB-E516-416C-9A75-85BBB4F22B38}.Debug|Win32.ActiveCfg = Debug|Win32
		{670970FB-E516-416C-9A75-85BBB4F22B38}.Debug|Win32.Build.0 = Debug|Win32
		{670970FB-E516-416C-9A75-85BBB4F22B38}.Release|Win32.ActiveCfg = Release|Win32
		{670970FB-E516-416C-9A75-85BBB4F22B38}.Release|Win32.Build.0 = Release|Win32
		{B1D788CC-2348-4A61-B275-DBBC37A4D7D1}.Debug|Win32.ActiveCfg = Debug|Win32
		{B1D788CC-2348-4A61-B275-DBBC37A4D7D1}.Debug|Win32.Build.0 = Debug|Win32
		{B1D788CC-2348-4A61-B275-DBBC37A4D7D1}.Release|Win32.ActiveCfg = Release|Win32
		{B1D788CC-2348-4A61-B275-DBBC37A4D7D1}.Release|Win32.Build.0 = Release|Win32
		{2C131B16-6FA4-4940-AE47-61F885320F4E}.Debug|Win32.ActiveCfg = Debug|Win32
		{2C131B16-6FA4-4940-AE47-61F885320F4E}.Debug|Win32.Build.0 = Debug|Win32
		{2C131B16-6FA4-4940-AE47-61F885320F4E}.Release|Win32.ActiveCfg = Release|Win32
		{2C131B16-6FA4-4940-AE47-61F885320F4E}.Release|Win32.Build.0 = Release|Win32
		{3846E8B9-88FB-4382-82CB-6BE739B63544}.Debug|Win32.ActiveCfg = Debug|Win32
		{3846E8B9-88FB-4382-82CB-6BE739B63544}.Debug|Win32.Build.0 = Debug|Win32
		{3846E8B9-88FB-4382-82CB-6BE739B63544}.Release|Win32.ActiveCfg = Release|Win32
		{3846E8B9-88FB-4382-82CB-6BE739B63544}.Release|Win32.Build.0 = Release|Win32
		{7EFF02CB-F412-4DB0-966C-4DB7464EC1D7}.Debug|Win32.ActiveCfg = Debug|Win32
		{7EFF02CB-F412-4DB0-966C-4DB7464EC1D7}.Debug|Win32.Build.0 = Debug|Win32
		{7EFF02CB-F412-4DB0-966C-4DB7464EC1D7}.Release|Win32.ActiveCfg = Release|Win32
		{7EFF02CB-F412-4DB0-966C-4DB7464EC1D7}.Release|Win32.Build.0 = Release|Win32
		{DB36C30F-F1D4-4639-9965-365F76D48488}.Debug|Win32.ActiveCfg = Debug|Win32
		{DB36C30F-F1D4-4639-9965-365F76D48488}.Debug|Win32.Build.0 = Debug|Win32
		{DB36C30F-F1D4-4639-9965-365F76D48488}.Release|Win32.ActiveCfg = Release|Win32
		{DB36C30F-F1D4-4639-9965-365F76D48488}.Release|Win32.Build.0 = Release|Win32
		{60185982-A6D6-4C57-8D2B-9113FBFC0F02}.Debug|Win32.ActiveCfg = Debug|Win32
		{60185982-A6D6-4C57-8D2B-9113FBFC0F02}.Debug|Win32.Build.0 = Debug|Win32
		{60185982-A6D6-4C57-8D2B-9113FBFC0F02}.Release|Win32.ActiveCfg = Release|Win32
		{60185982-A6D6-4C57-8D2B-9113FBFC0F02}.Release|Win32.Build.0 = Release|Win32
	EndGlobalSection
	GlobalSection(SolutionProperties) = preSolution
		HideSolutionNode = FALSE
	EndGlobalSection
EndGlobal
