
Microsoft Visual Studio Solution File, Format Version 10.00
# Visual Studio 2008
Project("{8BC9CEB8-8B4A-11D0-8D11-00A0C91BC942}") = "s25client", "s25client.vcproj", "{3BE5D05B-EEDF-4B5E-BCC1-E7086D9D5A29}"
	ProjectSection(ProjectDependencies) = postProject
		{1C4D182C-4502-4A05-B1F3-9DD5214C3DEE} = {1C4D182C-4502-4A05-B1F3-9DD5214C3DEE}
		{94BE9C74-5E13-404E-858B-2CBA20D8F5C9} = {94BE9C74-5E13-404E-858B-2CBA20D8F5C9}
		{9AD068A1-1430-4CF2-A623-AB74DEE3ED28} = {9AD068A1-1430-4CF2-A623-AB74DEE3ED28}
		{AAAAAAAA-B2B4-5FA6-AD79-642B33F3D480} = {AAAAAAAA-B2B4-5FA6-AD79-642B33F3D480}
		{74CE1CAB-7950-436F-8D27-48F9FB7E9F22} = {74CE1CAB-7950-436F-8D27-48F9FB7E9F22}
		{084B75AB-01B7-4EF3-B4EF-D021AAA2EAA3} = {084B75AB-01B7-4EF3-B4EF-D021AAA2EAA3}
		{20FCDEB9-4C93-4D2D-9A35-5FD688AE6D51} = {20FCDEB9-4C93-4D2D-9A35-5FD688AE6D51}
		{FED04AF3-3FE4-41CA-9DB9-6E0AD873183A} = {FED04AF3-3FE4-41CA-9DB9-6E0AD873183A}
		{23EBA5F4-45CC-45B1-8F8E-04337A6F7DA3} = {23EBA5F4-45CC-45B1-8F8E-04337A6F7DA3}
		{290E94F7-C0BE-4950-87AA-D269467A82BF} = {290E94F7-C0BE-4950-87AA-D269467A82BF}
	EndProjectSection
EndProject
Project("{8BC9CEB8-8B4A-11D0-8D11-00A0C91BC942}") = "audio", "..\..\driver\win32\vs2008\audio.vcproj", "{84568090-17C8-40FB-A639-3376A5A67E16}"
	ProjectSection(ProjectDependencies) = postProject
		{9AD068A1-1430-4CF2-A623-AB74DEE3ED28} = {9AD068A1-1430-4CF2-A623-AB74DEE3ED28}
		{FED04AF3-3FE4-41CA-9DB9-6E0AD873183A} = {FED04AF3-3FE4-41CA-9DB9-6E0AD873183A}
	EndProjectSection
EndProject
Project("{8BC9CEB8-8B4A-11D0-8D11-00A0C91BC942}") = "video", "..\..\driver\win32\vs2008\video.vcproj", "{87C68090-17C8-40FB-A619-3376A5F67E16}"
	ProjectSection(ProjectDependencies) = postProject
		{84568090-17C8-40FB-A639-3376A5A67E16} = {84568090-17C8-40FB-A639-3376A5A67E16}
		{9AD068A1-1430-4CF2-A623-AB74DEE3ED28} = {9AD068A1-1430-4CF2-A623-AB74DEE3ED28}
		{FED04AF3-3FE4-41CA-9DB9-6E0AD873183A} = {FED04AF3-3FE4-41CA-9DB9-6E0AD873183A}
	EndProjectSection
EndProject
Project("{8BC9CEB8-8B4A-11D0-8D11-00A0C91BC942}") = "version", "..\..\version\win32\vs2008\version.vcproj", "{9AD068A1-1430-4CF2-A623-AB74DEE3ED28}"
EndProject
Project("{8BC9CEB8-8B4A-11D0-8D11-00A0C91BC942}") = "videoWinAPI", "..\..\driver\video\WinAPI\win32\vs2008\videoWinAPI.vcproj", "{F3DD81A4-BFD2-4B23-AFD4-A95FA0A01F2E}"
	ProjectSection(ProjectDependencies) = postProject
		{87C68090-17C8-40FB-A619-3376A5F67E16} = {87C68090-17C8-40FB-A619-3376A5F67E16}
		{9AD068A1-1430-4CF2-A623-AB74DEE3ED28} = {9AD068A1-1430-4CF2-A623-AB74DEE3ED28}
		{FED04AF3-3FE4-41CA-9DB9-6E0AD873183A} = {FED04AF3-3FE4-41CA-9DB9-6E0AD873183A}
	EndProjectSection
EndProject
Project("{8BC9CEB8-8B4A-11D0-8D11-00A0C91BC942}") = "libsiedler2", "..\..\libsiedler2\win32\vs2008\libsiedler2.vcproj", "{290E94F7-C0BE-4950-87AA-D269467A82BF}"
	ProjectSection(ProjectDependencies) = postProject
		{1C4D182C-4502-4A05-B1F3-9DD5214C3DEE} = {1C4D182C-4502-4A05-B1F3-9DD5214C3DEE}
	EndProjectSection
EndProject
Project("{8BC9CEB8-8B4A-11D0-8D11-00A0C91BC942}") = "videoSDL", "..\..\driver\video\SDL\win32\vs2008\videoSDL.vcproj", "{0D246BC6-B2B4-4FA2-AD79-642B23F3D480}"
	ProjectSection(ProjectDependencies) = postProject
		{87C68090-17C8-40FB-A619-3376A5F67E16} = {87C68090-17C8-40FB-A619-3376A5F67E16}
		{9AD068A1-1430-4CF2-A623-AB74DEE3ED28} = {9AD068A1-1430-4CF2-A623-AB74DEE3ED28}
		{FED04AF3-3FE4-41CA-9DB9-6E0AD873183A} = {FED04AF3-3FE4-41CA-9DB9-6E0AD873183A}
	EndProjectSection
EndProject
Project("{8BC9CEB8-8B4A-11D0-8D11-00A0C91BC942}") = "audioSDL", "..\..\driver\audio\SDL\win32\vs2008\audioSDL.vcproj", "{AAAAAAAA-B2B4-5FA6-AD79-642B33F3D480}"
	ProjectSection(ProjectDependencies) = postProject
		{1C4D182C-4502-4A05-B1F3-9DD5214C3DEE} = {1C4D182C-4502-4A05-B1F3-9DD5214C3DEE}
		{84568090-17C8-40FB-A639-3376A5A67E16} = {84568090-17C8-40FB-A639-3376A5A67E16}
		{FED04AF3-3FE4-41CA-9DB9-6E0AD873183A} = {FED04AF3-3FE4-41CA-9DB9-6E0AD873183A}
	EndProjectSection
EndProject
Project("{8BC9CEB8-8B4A-11D0-8D11-00A0C91BC942}") = "sound-convert", "..\..\s-c\win32\vs2008\sound-convert.vcproj", "{084B75AB-01B7-4EF3-B4EF-D021AAA2EAA3}"
	ProjectSection(ProjectDependencies) = postProject
		{D1615B31-8DDB-4308-84D7-60C1EB576EA1} = {D1615B31-8DDB-4308-84D7-60C1EB576EA1}
		{FED04AF3-3FE4-41CA-9DB9-6E0AD873183A} = {FED04AF3-3FE4-41CA-9DB9-6E0AD873183A}
		{290E94F7-C0BE-4950-87AA-D269467A82BF} = {290E94F7-C0BE-4950-87AA-D269467A82BF}
	EndProjectSection
EndProject
Project("{8BC9CEB8-8B4A-11D0-8D11-00A0C91BC942}") = "mygettext", "..\..\mygettext\win32\vs2008\mygettext.vcproj", "{94BE9C74-5E13-404E-858B-2CBA20D8F5C9}"
	ProjectSection(ProjectDependencies) = postProject
		{1C4D182C-4502-4A05-B1F3-9DD5214C3DEE} = {1C4D182C-4502-4A05-B1F3-9DD5214C3DEE}
	EndProjectSection
EndProject
Project("{8BC9CEB8-8B4A-11D0-8D11-00A0C91BC942}") = "s25update", "..\..\s25update\win32\vs2008\s25update.vcproj", "{20FCDEB9-4C93-4D2D-9A35-5FD688AE6D51}"
EndProject
Project("{8BC9CEB8-8B4A-11D0-8D11-00A0C91BC942}") = "prebuild-mutex", "..\prebuild-mutex\win32\vs2008\prebuild-mutex.vcproj", "{FED04AF3-3FE4-41CA-9DB9-6E0AD873183A}"
EndProject
Project("{8BC9CEB8-8B4A-11D0-8D11-00A0C91BC942}") = "libutil", "..\..\libutil\win32\vs2008\libutil.vcproj", "{74CE1CAB-7950-436F-8D27-48F9FB7E9F22}"
	ProjectSection(ProjectDependencies) = postProject
		{1C4D182C-4502-4A05-B1F3-9DD5214C3DEE} = {1C4D182C-4502-4A05-B1F3-9DD5214C3DEE}
		{FED04AF3-3FE4-41CA-9DB9-6E0AD873183A} = {FED04AF3-3FE4-41CA-9DB9-6E0AD873183A}
	EndProjectSection
EndProject
Project("{8BC9CEB8-8B4A-11D0-8D11-00A0C91BC942}") = "liblobby_c", "..\..\liblobby\win32\vs2008\liblobby_c.vcproj", "{23EBA5F4-45CC-45B1-8F8E-04337A6F7DA3}"
	ProjectSection(ProjectDependencies) = postProject
		{94BE9C74-5E13-404E-858B-2CBA20D8F5C9} = {94BE9C74-5E13-404E-858B-2CBA20D8F5C9}
		{74CE1CAB-7950-436F-8D27-48F9FB7E9F22} = {74CE1CAB-7950-436F-8D27-48F9FB7E9F22}
	EndProjectSection
EndProject
Project("{8BC9CEB8-8B4A-11D0-8D11-00A0C91BC942}") = "libendian", "..\..\libendian\win32\vs2008\libendian.vcproj", "{1C4D182C-4502-4A05-B1F3-9DD5214C3DEE}"
EndProject
Project("{8BC9CEB8-8B4A-11D0-8D11-00A0C91BC942}") = "s-c_resample", "..\..\s-c\resample-1.8.1\win32\vs2008\resample-1.8.1.vcproj", "{D1615B31-8DDB-4308-84D7-60C1EB576EA1}"
EndProject
Global
	GlobalSection(SolutionConfigurationPlatforms) = preSolution
		Debug|Win32 = Debug|Win32
		Release|Win32 = Release|Win32
	EndGlobalSection
	GlobalSection(ProjectConfigurationPlatforms) = postSolution
		{3BE5D05B-EEDF-4B5E-BCC1-E7086D9D5A29}.Debug|Win32.ActiveCfg = Debug|Win32
		{3BE5D05B-EEDF-4B5E-BCC1-E7086D9D5A29}.Debug|Win32.Build.0 = Debug|Win32
		{3BE5D05B-EEDF-4B5E-BCC1-E7086D9D5A29}.Release|Win32.ActiveCfg = Release|Win32
		{3BE5D05B-EEDF-4B5E-BCC1-E7086D9D5A29}.Release|Win32.Build.0 = Release|Win32
		{84568090-17C8-40FB-A639-3376A5A67E16}.Debug|Win32.ActiveCfg = Debug|Win32
		{84568090-17C8-40FB-A639-3376A5A67E16}.Debug|Win32.Build.0 = Debug|Win32
		{84568090-17C8-40FB-A639-3376A5A67E16}.Release|Win32.ActiveCfg = Release|Win32
		{84568090-17C8-40FB-A639-3376A5A67E16}.Release|Win32.Build.0 = Release|Win32
		{87C68090-17C8-40FB-A619-3376A5F67E16}.Debug|Win32.ActiveCfg = Debug|Win32
		{87C68090-17C8-40FB-A619-3376A5F67E16}.Debug|Win32.Build.0 = Debug|Win32
		{87C68090-17C8-40FB-A619-3376A5F67E16}.Release|Win32.ActiveCfg = Release|Win32
		{87C68090-17C8-40FB-A619-3376A5F67E16}.Release|Win32.Build.0 = Release|Win32
		{9AD068A1-1430-4CF2-A623-AB74DEE3ED28}.Debug|Win32.ActiveCfg = Debug|Win32
		{9AD068A1-1430-4CF2-A623-AB74DEE3ED28}.Debug|Win32.Build.0 = Debug|Win32
		{9AD068A1-1430-4CF2-A623-AB74DEE3ED28}.Release|Win32.ActiveCfg = Release|Win32
		{9AD068A1-1430-4CF2-A623-AB74DEE3ED28}.Release|Win32.Build.0 = Release|Win32
		{F3DD81A4-BFD2-4B23-AFD4-A95FA0A01F2E}.Debug|Win32.ActiveCfg = Debug|Win32
		{F3DD81A4-BFD2-4B23-AFD4-A95FA0A01F2E}.Debug|Win32.Build.0 = Debug|Win32
		{F3DD81A4-BFD2-4B23-AFD4-A95FA0A01F2E}.Release|Win32.ActiveCfg = Release|Win32
		{F3DD81A4-BFD2-4B23-AFD4-A95FA0A01F2E}.Release|Win32.Build.0 = Release|Win32
		{290E94F7-C0BE-4950-87AA-D269467A82BF}.Debug|Win32.ActiveCfg = Debug|Win32
		{290E94F7-C0BE-4950-87AA-D269467A82BF}.Debug|Win32.Build.0 = Debug|Win32
		{290E94F7-C0BE-4950-87AA-D269467A82BF}.Release|Win32.ActiveCfg = Release|Win32
		{290E94F7-C0BE-4950-87AA-D269467A82BF}.Release|Win32.Build.0 = Release|Win32
		{0D246BC6-B2B4-4FA2-AD79-642B23F3D480}.Debug|Win32.ActiveCfg = Debug|Win32
		{0D246BC6-B2B4-4FA2-AD79-642B23F3D480}.Debug|Win32.Build.0 = Debug|Win32
		{0D246BC6-B2B4-4FA2-AD79-642B23F3D480}.Release|Win32.ActiveCfg = Release|Win32
		{0D246BC6-B2B4-4FA2-AD79-642B23F3D480}.Release|Win32.Build.0 = Release|Win32
		{AAAAAAAA-B2B4-5FA6-AD79-642B33F3D480}.Debug|Win32.ActiveCfg = Debug|Win32
		{AAAAAAAA-B2B4-5FA6-AD79-642B33F3D480}.Debug|Win32.Build.0 = Debug|Win32
		{AAAAAAAA-B2B4-5FA6-AD79-642B33F3D480}.Release|Win32.ActiveCfg = Release|Win32
		{AAAAAAAA-B2B4-5FA6-AD79-642B33F3D480}.Release|Win32.Build.0 = Release|Win32
		{084B75AB-01B7-4EF3-B4EF-D021AAA2EAA3}.Debug|Win32.ActiveCfg = Debug|Win32
		{084B75AB-01B7-4EF3-B4EF-D021AAA2EAA3}.Debug|Win32.Build.0 = Debug|Win32
		{084B75AB-01B7-4EF3-B4EF-D021AAA2EAA3}.Release|Win32.ActiveCfg = Release|Win32
		{084B75AB-01B7-4EF3-B4EF-D021AAA2EAA3}.Release|Win32.Build.0 = Release|Win32
		{94BE9C74-5E13-404E-858B-2CBA20D8F5C9}.Debug|Win32.ActiveCfg = Debug|Win32
		{94BE9C74-5E13-404E-858B-2CBA20D8F5C9}.Debug|Win32.Build.0 = Debug|Win32
		{94BE9C74-5E13-404E-858B-2CBA20D8F5C9}.Release|Win32.ActiveCfg = Release|Win32
		{94BE9C74-5E13-404E-858B-2CBA20D8F5C9}.Release|Win32.Build.0 = Release|Win32
		{20FCDEB9-4C93-4D2D-9A35-5FD688AE6D51}.Debug|Win32.ActiveCfg = Debug|Win32
		{20FCDEB9-4C93-4D2D-9A35-5FD688AE6D51}.Debug|Win32.Build.0 = Debug|Win32
		{20FCDEB9-4C93-4D2D-9A35-5FD688AE6D51}.Release|Win32.ActiveCfg = Release|Win32
		{20FCDEB9-4C93-4D2D-9A35-5FD688AE6D51}.Release|Win32.Build.0 = Release|Win32
		{FED04AF3-3FE4-41CA-9DB9-6E0AD873183A}.Debug|Win32.ActiveCfg = Debug|Win32
		{FED04AF3-3FE4-41CA-9DB9-6E0AD873183A}.Debug|Win32.Build.0 = Debug|Win32
		{FED04AF3-3FE4-41CA-9DB9-6E0AD873183A}.Release|Win32.ActiveCfg = Release|Win32
		{FED04AF3-3FE4-41CA-9DB9-6E0AD873183A}.Release|Win32.Build.0 = Release|Win32
		{74CE1CAB-7950-436F-8D27-48F9FB7E9F22}.Debug|Win32.ActiveCfg = Debug|Win32
		{74CE1CAB-7950-436F-8D27-48F9FB7E9F22}.Debug|Win32.Build.0 = Debug|Win32
		{74CE1CAB-7950-436F-8D27-48F9FB7E9F22}.Release|Win32.ActiveCfg = Release|Win32
		{74CE1CAB-7950-436F-8D27-48F9FB7E9F22}.Release|Win32.Build.0 = Release|Win32
		{23EBA5F4-45CC-45B1-8F8E-04337A6F7DA3}.Debug|Win32.ActiveCfg = Debug|Win32
		{23EBA5F4-45CC-45B1-8F8E-04337A6F7DA3}.Debug|Win32.Build.0 = Debug|Win32
		{23EBA5F4-45CC-45B1-8F8E-04337A6F7DA3}.Release|Win32.ActiveCfg = Release|Win32
		{23EBA5F4-45CC-45B1-8F8E-04337A6F7DA3}.Release|Win32.Build.0 = Release|Win32
		{1C4D182C-4502-4A05-B1F3-9DD5214C3DEE}.Debug|Win32.ActiveCfg = Debug|Win32
		{1C4D182C-4502-4A05-B1F3-9DD5214C3DEE}.Debug|Win32.Build.0 = Debug|Win32
		{1C4D182C-4502-4A05-B1F3-9DD5214C3DEE}.Release|Win32.ActiveCfg = Release|Win32
		{1C4D182C-4502-4A05-B1F3-9DD5214C3DEE}.Release|Win32.Build.0 = Release|Win32
		{D1615B31-8DDB-4308-84D7-60C1EB576EA1}.Debug|Win32.ActiveCfg = Debug|Win32
		{D1615B31-8DDB-4308-84D7-60C1EB576EA1}.Debug|Win32.Build.0 = Debug|Win32
		{D1615B31-8DDB-4308-84D7-60C1EB576EA1}.Release|Win32.ActiveCfg = Release|Win32
		{D1615B31-8DDB-4308-84D7-60C1EB576EA1}.Release|Win32.Build.0 = Release|Win32
	EndGlobalSection
	GlobalSection(SolutionProperties) = preSolution
		HideSolutionNode = FALSE
	EndGlobalSection
	GlobalSection(ExtensibilityGlobals) = postSolution
		VisualSVNWorkingCopyRoot = ..\..
	EndGlobalSection
EndGlobal
